{
  "version": 4,
  "terraform_version": "1.4.6",
  "serial": 366,
  "lineage": "41afd469-f422-7ad5-30d1-48e505b8d404",
  "outputs": {},
  "resources": [
    {
      "mode": "data",
      "type": "archive_file",
      "name": "lf_dte_zip",
      "provider": "provider[\"registry.terraform.io/hashicorp/archive\"]",
      "instances": [
        {
          "schema_version": 0,
          "attributes": {
            "exclude_symlink_directories": null,
            "excludes": [
              "node_modules"
            ],
            "id": "360da3e9fd019ad8ed5df995ddebecf600c278f0",
            "output_base64sha256": "TjQx5FBFGcdtlFuYEpvNT8r/ljeRci44poJSGnSb5gE=",
            "output_base64sha512": "Sn5qM7QMbeO+XiLZqY1Rp5PbD5Bc3KHo0CyFRoo7ix2HZG4esRu/hjTROBKl8+Md2kvEFbfCF5CgK/uVmtIm0A==",
            "output_file_mode": null,
            "output_md5": "33b3ab21fecf56a4de60bde3af6ae061",
            "output_path": "./lambda/lf_dte.zip",
            "output_sha": "360da3e9fd019ad8ed5df995ddebecf600c278f0",
            "output_sha256": "4e3431e4504519c76d945b98129bcd4fcaff963791722e38a682521a749be601",
            "output_sha512": "4a7e6a33b40c6de3be5e22d9a98d51a793db0f905cdca1e8d02c85468a3b8b1d87646e1eb11bbf8634d13812a5f3e31dda4bc415b7c21790a02bfb959ad226d0",
            "output_size": 10419,
            "source": [],
            "source_content": null,
            "source_content_filename": null,
            "source_dir": "../ReqManageSys/dynamodb_to_eventbridge",
            "source_file": null,
            "type": "zip"
          },
          "sensitive_attributes": []
        }
      ]
    },
    {
      "mode": "data",
      "type": "archive_file",
      "name": "lf_se_zip",
      "provider": "provider[\"registry.terraform.io/hashicorp/archive\"]",
      "instances": [
        {
          "schema_version": 0,
          "attributes": {
            "exclude_symlink_directories": null,
            "excludes": [
              "node_modules"
            ],
            "id": "29a7800d705c3058737533c9b0b6027156ad7dfb",
            "output_base64sha256": "cy0ZnoQB/iN+VlK6tv3dib0xtBsuYIabeSdyymmpe/s=",
            "output_base64sha512": "Hvk0VbE57OPIjbe1sUs8TZK2bmfbfqwpKJ5BsSDwkwZakYdTMzF2kGLTts8z842UkN6eklOFRpkv5h49Wk8G5w==",
            "output_file_mode": null,
            "output_md5": "9d7c0d4bbd87440b4996e20f4cdf9e5e",
            "output_path": "./lambda/lf_se.zip",
            "output_sha": "29a7800d705c3058737533c9b0b6027156ad7dfb",
            "output_sha256": "732d199e8401fe237e5652bab6fddd89bd31b41b2e60869b792772ca69a97bfb",
            "output_sha512": "1ef93455b139ece3c88db7b5b14b3c4d92b66e67db7eac29289e41b120f093065a9187533331769062d3b6cf33f38d9490de9e92538546992fe61e3d5a4f06e7",
            "output_size": 10176,
            "source": [],
            "source_content": null,
            "source_content_filename": null,
            "source_dir": "../ReqManageSys/send_email",
            "source_file": null,
            "type": "zip"
          },
          "sensitive_attributes": []
        }
      ]
    },
    {
      "mode": "data",
      "type": "archive_file",
      "name": "lf_std_zip",
      "provider": "provider[\"registry.terraform.io/hashicorp/archive\"]",
      "instances": [
        {
          "schema_version": 0,
          "attributes": {
            "exclude_symlink_directories": null,
            "excludes": [
              "node_modules"
            ],
            "id": "79ca8d98ba28a81e271b4cdc409f02d3634715a8",
            "output_base64sha256": "99ejJl5g/xvXWD8GSj+vmkQljbDKRaOOhEQDU9Ju+J8=",
            "output_base64sha512": "YltETYV0X0wFq8vu8dg0v+X/s4QnCFlmDQNifA3QLGNLRj5AdgYqu7knq0mQsmqk3wqCXDCuNtLNa9Nr2DaggA==",
            "output_file_mode": null,
            "output_md5": "a8b047007b96152a2512871bd8b5aebc",
            "output_path": "./lambda/lf_std.zip",
            "output_sha": "79ca8d98ba28a81e271b4cdc409f02d3634715a8",
            "output_sha256": "f7d7a3265e60ff1bd7583f064a3faf9a44258db0ca45a38e84440353d26ef89f",
            "output_sha512": "625b444d85745f4c05abcbeef1d834bfe5ffb384270859660d03627c0dd02c634b463e4076062abbb927ab4990b26aa4df0a825c30ae36d2cd6bd36bd836a080",
            "output_size": 11406,
            "source": [],
            "source_content": null,
            "source_content_filename": null,
            "source_dir": "../ReqManageSys/sqs_to_dynamodb",
            "source_file": null,
            "type": "zip"
          },
          "sensitive_attributes": []
        }
      ]
    },
    {
      "mode": "data",
      "type": "archive_file",
      "name": "lf_ste_zip",
      "provider": "provider[\"registry.terraform.io/hashicorp/archive\"]",
      "instances": [
        {
          "schema_version": 0,
          "attributes": {
            "exclude_symlink_directories": null,
            "excludes": null,
            "id": "7afbd71e1907327d9838372b4eb9a1a4c2aa164a",
            "output_base64sha256": "zpGDXX/g+Gc9IOebMeUEqywjM3yQ5RgEq4gzfgDpUUg=",
            "output_base64sha512": "gLe3jeHutMmLbR2oAGxg+8Aa4a/mXjKuZZJtEEXLykyt7MjTN+Vk3eNy4uyhphFaUJIIQmJ7DIhpbs3z2CVkfg==",
            "output_file_mode": null,
            "output_md5": "ed5cbad7ec6b1d860d17a133a8db63d0",
            "output_path": "./lambda/lf_ste.zip",
            "output_sha": "7afbd71e1907327d9838372b4eb9a1a4c2aa164a",
            "output_sha256": "ce91835d7fe0f8673d20e79b31e504ab2c23337c90e51804ab88337e00e95148",
            "output_sha512": "80b7b78de1eeb4c98b6d1da8006c60fbc01ae1afe65e32ae65926d1045cbca4cadecc8d337e564dde372e2eca1a6115a50920842627b0c88696ecdf3d825647e",
            "output_size": 582659,
            "source": [],
            "source_content": null,
            "source_content_filename": null,
            "source_dir": "../ReqManageSys/sqs_to_enterwait",
            "source_file": null,
            "type": "zip"
          },
          "sensitive_attributes": []
        }
      ]
    },
    {
      "mode": "data",
      "type": "archive_file",
      "name": "lf_stn_zip",
      "provider": "provider[\"registry.terraform.io/hashicorp/archive\"]",
      "instances": [
        {
          "schema_version": 0,
          "attributes": {
            "exclude_symlink_directories": null,
            "excludes": null,
            "id": "386d4bba2d75946c5a593530dac0ff28397cb2e1",
            "output_base64sha256": "0NZA9IjcYYVRrO8ixF5OsGZUtr2o3cKBJa0qIFMsVDQ=",
            "output_base64sha512": "MkWzna+YFd3Ri52buuYcu3CqdL5PKvgwcri13/U8OapCdLQwTCCs9cNe80n3LaX28EUo69G+WXTelrJEz66rRA==",
            "output_file_mode": null,
            "output_md5": "25688ea608638bef0bb8d70cac374ea9",
            "output_path": "./lambda/lf_stn.zip",
            "output_sha": "386d4bba2d75946c5a593530dac0ff28397cb2e1",
            "output_sha256": "d0d640f488dc618551acef22c45e4eb06654b6bda8ddc28125ad2a20532c5434",
            "output_sha512": "3245b39daf9815ddd18b9d9bbae61cbb70aa74be4f2af83072b8b5dff53c39aa4274b4304c20acf5c35ef349f72da5f6f04528ebd1be5974de96b244cfaeab44",
            "output_size": 3370,
            "source": [],
            "source_content": null,
            "source_content_filename": null,
            "source_dir": "../ReqManageSys/sqs_to_nursery",
            "source_file": null,
            "type": "zip"
          },
          "sensitive_attributes": []
        }
      ]
    },
    {
      "mode": "data",
      "type": "aws_iam_policy_document",
      "name": "assume_role",
      "provider": "provider[\"registry.terraform.io/hashicorp/aws\"]",
      "instances": [
        {
          "schema_version": 0,
          "attributes": {
            "id": "3693445097",
            "json": "{\n  \"Version\": \"2012-10-17\",\n  \"Statement\": [\n    {\n      \"Sid\": \"\",\n      \"Effect\": \"Allow\",\n      \"Action\": \"sts:AssumeRole\",\n      \"Principal\": {\n        \"Service\": \"lambda.amazonaws.com\"\n      }\n    }\n  ]\n}",
            "override_json": null,
            "override_policy_documents": null,
            "policy_id": null,
            "source_json": null,
            "source_policy_documents": null,
            "statement": [
              {
                "actions": [
                  "sts:AssumeRole"
                ],
                "condition": [],
                "effect": "Allow",
                "not_actions": [],
                "not_principals": [],
                "not_resources": [],
                "principals": [
                  {
                    "identifiers": [
                      "lambda.amazonaws.com"
                    ],
                    "type": "Service"
                  }
                ],
                "resources": [],
                "sid": ""
              }
            ],
            "version": "2012-10-17"
          },
          "sensitive_attributes": []
        }
      ]
    },
    {
      "mode": "data",
      "type": "aws_iam_policy_document",
      "name": "eteq_policy",
      "provider": "provider[\"registry.terraform.io/hashicorp/aws\"]",
      "instances": [
        {
          "schema_version": 0,
          "attributes": {
            "id": "1354203027",
            "json": "{\n  \"Version\": \"2012-10-17\",\n  \"Statement\": [\n    {\n      \"Sid\": \"ETEQ001\",\n      \"Effect\": \"Allow\",\n      \"Action\": \"sqs:SendMessage\",\n      \"Resource\": \"arn:aws:sqs:ap-northeast-2:131466135658:EventToEnterwaitQueue\",\n      \"Principal\": {\n        \"Service\": \"events.amazonaws.com\"\n      },\n      \"Condition\": {\n        \"ArnEquals\": {\n          \"aws:SourceArn\": [\n            \"arn:aws:events:ap-northeast-2:131466135658:rule/IntegrateEventBus/Accept\",\n            \"arn:aws:events:ap-northeast-2:131466135658:rule/IntegrateEventBus/Reject\"\n          ]\n        }\n      }\n    }\n  ]\n}",
            "override_json": null,
            "override_policy_documents": null,
            "policy_id": null,
            "source_json": null,
            "source_policy_documents": null,
            "statement": [
              {
                "actions": [
                  "sqs:SendMessage"
                ],
                "condition": [
                  {
                    "test": "ArnEquals",
                    "values": [
                      "arn:aws:events:ap-northeast-2:131466135658:rule/IntegrateEventBus/Accept",
                      "arn:aws:events:ap-northeast-2:131466135658:rule/IntegrateEventBus/Reject"
                    ],
                    "variable": "aws:SourceArn"
                  }
                ],
                "effect": "Allow",
                "not_actions": [],
                "not_principals": [],
                "not_resources": [],
                "principals": [
                  {
                    "identifiers": [
                      "events.amazonaws.com"
                    ],
                    "type": "Service"
                  }
                ],
                "resources": [
                  "arn:aws:sqs:ap-northeast-2:131466135658:EventToEnterwaitQueue"
                ],
                "sid": "ETEQ001"
              }
            ],
            "version": "2012-10-17"
          },
          "sensitive_attributes": []
        }
      ]
    },
    {
      "mode": "data",
      "type": "aws_iam_policy_document",
      "name": "etnq_policy",
      "provider": "provider[\"registry.terraform.io/hashicorp/aws\"]",
      "instances": [
        {
          "schema_version": 0,
          "attributes": {
            "id": "2718054990",
            "json": "{\n  \"Version\": \"2012-10-17\",\n  \"Statement\": [\n    {\n      \"Sid\": \"ETNQ001\",\n      \"Effect\": \"Allow\",\n      \"Action\": \"sqs:SendMessage\",\n      \"Resource\": \"arn:aws:sqs:ap-northeast-2:131466135658:EventToNurseryQueue\",\n      \"Principal\": {\n        \"Service\": \"events.amazonaws.com\"\n      },\n      \"Condition\": {\n        \"ArnEquals\": {\n          \"aws:SourceArn\": [\n            \"arn:aws:events:ap-northeast-2:131466135658:rule/IntegrateEventBus/Request\",\n            \"arn:aws:events:ap-northeast-2:131466135658:rule/IntegrateEventBus/Cancel\"\n          ]\n        }\n      }\n    }\n  ]\n}",
            "override_json": null,
            "override_policy_documents": null,
            "policy_id": null,
            "source_json": null,
            "source_policy_documents": null,
            "statement": [
              {
                "actions": [
                  "sqs:SendMessage"
                ],
                "condition": [
                  {
                    "test": "ArnEquals",
                    "values": [
                      "arn:aws:events:ap-northeast-2:131466135658:rule/IntegrateEventBus/Request",
                      "arn:aws:events:ap-northeast-2:131466135658:rule/IntegrateEventBus/Cancel"
                    ],
                    "variable": "aws:SourceArn"
                  }
                ],
                "effect": "Allow",
                "not_actions": [],
                "not_principals": [],
                "not_resources": [],
                "principals": [
                  {
                    "identifiers": [
                      "events.amazonaws.com"
                    ],
                    "type": "Service"
                  }
                ],
                "resources": [
                  "arn:aws:sqs:ap-northeast-2:131466135658:EventToNurseryQueue"
                ],
                "sid": "ETNQ001"
              }
            ],
            "version": "2012-10-17"
          },
          "sensitive_attributes": []
        }
      ]
    },
    {
      "mode": "data",
      "type": "aws_iam_policy_document",
      "name": "ieq_policy",
      "provider": "provider[\"registry.terraform.io/hashicorp/aws\"]",
      "instances": [
        {
          "schema_version": 0,
          "attributes": {
            "id": "344076568",
            "json": "{\n  \"Version\": \"2012-10-17\",\n  \"Statement\": [\n    {\n      \"Sid\": \"IEQ001\",\n      \"Effect\": \"Allow\",\n      \"Action\": \"sqs:SendMessage\",\n      \"Resource\": \"arn:aws:sqs:ap-northeast-2:131466135658:IntegrateEventQueue\"\n    }\n  ]\n}",
            "override_json": null,
            "override_policy_documents": null,
            "policy_id": null,
            "source_json": null,
            "source_policy_documents": null,
            "statement": [
              {
                "actions": [
                  "sqs:SendMessage"
                ],
                "condition": [],
                "effect": "Allow",
                "not_actions": [],
                "not_principals": [],
                "not_resources": [],
                "principals": [],
                "resources": [
                  "arn:aws:sqs:ap-northeast-2:131466135658:IntegrateEventQueue"
                ],
                "sid": "IEQ001"
              }
            ],
            "version": "2012-10-17"
          },
          "sensitive_attributes": []
        }
      ]
    },
    {
      "mode": "data",
      "type": "aws_iam_policy_document",
      "name": "policy_lf_dte",
      "provider": "provider[\"registry.terraform.io/hashicorp/aws\"]",
      "instances": [
        {
          "schema_version": 0,
          "attributes": {
            "id": "2645055832",
            "json": "{\n  \"Version\": \"2012-10-17\",\n  \"Statement\": [\n    {\n      \"Sid\": \"\",\n      \"Effect\": \"Allow\",\n      \"Action\": [\n        \"dynamodb:ListStreams\",\n        \"dynamodb:GetShardIterator\",\n        \"dynamodb:GetRecords\",\n        \"dynamodb:DescribeStream\"\n      ],\n      \"Resource\": \"arn:aws:dynamodb:ap-northeast-2:131466135658:table/IntegrateEventDynamoDB/stream/2023-06-26T06:28:09.561\"\n    },\n    {\n      \"Sid\": \"\",\n      \"Effect\": \"Allow\",\n      \"Action\": \"events:PutEvents\",\n      \"Resource\": \"*\"\n    }\n  ]\n}",
            "override_json": null,
            "override_policy_documents": null,
            "policy_id": null,
            "source_json": null,
            "source_policy_documents": null,
            "statement": [
              {
                "actions": [
                  "dynamodb:DescribeStream",
                  "dynamodb:GetRecords",
                  "dynamodb:GetShardIterator",
                  "dynamodb:ListStreams"
                ],
                "condition": [],
                "effect": "Allow",
                "not_actions": [],
                "not_principals": [],
                "not_resources": [],
                "principals": [],
                "resources": [
                  "arn:aws:dynamodb:ap-northeast-2:131466135658:table/IntegrateEventDynamoDB/stream/2023-06-26T06:28:09.561"
                ],
                "sid": ""
              },
              {
                "actions": [
                  "events:PutEvents"
                ],
                "condition": [],
                "effect": "Allow",
                "not_actions": [],
                "not_principals": [],
                "not_resources": [],
                "principals": [],
                "resources": [
                  "*"
                ],
                "sid": ""
              }
            ],
            "version": "2012-10-17"
          },
          "sensitive_attributes": []
        }
      ]
    },
    {
      "mode": "data",
      "type": "aws_iam_policy_document",
      "name": "policy_lf_se",
      "provider": "provider[\"registry.terraform.io/hashicorp/aws\"]",
      "instances": [
        {
          "schema_version": 0,
          "attributes": {
            "id": "1891448799",
            "json": "{\n  \"Version\": \"2012-10-17\",\n  \"Statement\": [\n    {\n      \"Sid\": \"\",\n      \"Effect\": \"Allow\",\n      \"Action\": \"ses:SendEmail\",\n      \"Resource\": \"*\"\n    }\n  ]\n}",
            "override_json": null,
            "override_policy_documents": null,
            "policy_id": null,
            "source_json": null,
            "source_policy_documents": null,
            "statement": [
              {
                "actions": [
                  "ses:SendEmail"
                ],
                "condition": [],
                "effect": "Allow",
                "not_actions": [],
                "not_principals": [],
                "not_resources": [],
                "principals": [],
                "resources": [
                  "*"
                ],
                "sid": ""
              }
            ],
            "version": "2012-10-17"
          },
          "sensitive_attributes": []
        }
      ]
    },
    {
      "mode": "data",
      "type": "aws_iam_policy_document",
      "name": "policy_lf_std",
      "provider": "provider[\"registry.terraform.io/hashicorp/aws\"]",
      "instances": [
        {
          "schema_version": 0,
          "attributes": {
            "id": "2831035793",
            "json": "{\n  \"Version\": \"2012-10-17\",\n  \"Statement\": [\n    {\n      \"Sid\": \"\",\n      \"Effect\": \"Allow\",\n      \"Action\": [\n        \"sqs:ReceiveMessage\",\n        \"sqs:GetQueueAttributes\",\n        \"sqs:DeleteMessage\"\n      ],\n      \"Resource\": \"arn:aws:sqs:ap-northeast-2:131466135658:IntegrateEventQueue\"\n    },\n    {\n      \"Sid\": \"\",\n      \"Effect\": \"Allow\",\n      \"Action\": [\n        \"dynamodb:PutItem\",\n        \"dynamodb:PartiQLSelect\"\n      ],\n      \"Resource\": \"arn:aws:dynamodb:ap-northeast-2:131466135658:table/IntegrateEventDynamoDB\"\n    }\n  ]\n}",
            "override_json": null,
            "override_policy_documents": null,
            "policy_id": null,
            "source_json": null,
            "source_policy_documents": null,
            "statement": [
              {
                "actions": [
                  "sqs:DeleteMessage",
                  "sqs:GetQueueAttributes",
                  "sqs:ReceiveMessage"
                ],
                "condition": [],
                "effect": "Allow",
                "not_actions": [],
                "not_principals": [],
                "not_resources": [],
                "principals": [],
                "resources": [
                  "arn:aws:sqs:ap-northeast-2:131466135658:IntegrateEventQueue"
                ],
                "sid": ""
              },
              {
                "actions": [
                  "dynamodb:PartiQLSelect",
                  "dynamodb:PutItem"
                ],
                "condition": [],
                "effect": "Allow",
                "not_actions": [],
                "not_principals": [],
                "not_resources": [],
                "principals": [],
                "resources": [
                  "arn:aws:dynamodb:ap-northeast-2:131466135658:table/IntegrateEventDynamoDB"
                ],
                "sid": ""
              }
            ],
            "version": "2012-10-17"
          },
          "sensitive_attributes": []
        }
      ]
    },
    {
      "mode": "data",
      "type": "aws_iam_policy_document",
      "name": "policy_lf_ste",
      "provider": "provider[\"registry.terraform.io/hashicorp/aws\"]",
      "instances": [
        {
          "schema_version": 0,
          "attributes": {
            "id": "4269212467",
            "json": "{\n  \"Version\": \"2012-10-17\",\n  \"Statement\": [\n    {\n      \"Sid\": \"\",\n      \"Effect\": \"Allow\",\n      \"Action\": [\n        \"sqs:ReceiveMessage\",\n        \"sqs:GetQueueAttributes\",\n        \"sqs:DeleteMessage\"\n      ],\n      \"Resource\": \"arn:aws:sqs:ap-northeast-2:131466135658:EventToEnterwaitQueue\"\n    }\n  ]\n}",
            "override_json": null,
            "override_policy_documents": null,
            "policy_id": null,
            "source_json": null,
            "source_policy_documents": null,
            "statement": [
              {
                "actions": [
                  "sqs:DeleteMessage",
                  "sqs:GetQueueAttributes",
                  "sqs:ReceiveMessage"
                ],
                "condition": [],
                "effect": "Allow",
                "not_actions": [],
                "not_principals": [],
                "not_resources": [],
                "principals": [],
                "resources": [
                  "arn:aws:sqs:ap-northeast-2:131466135658:EventToEnterwaitQueue"
                ],
                "sid": ""
              }
            ],
            "version": "2012-10-17"
          },
          "sensitive_attributes": []
        }
      ]
    },
    {
      "mode": "data",
      "type": "aws_iam_policy_document",
      "name": "policy_lf_stn",
      "provider": "provider[\"registry.terraform.io/hashicorp/aws\"]",
      "instances": [
        {
          "schema_version": 0,
          "attributes": {
            "id": "60596664",
            "json": "{\n  \"Version\": \"2012-10-17\",\n  \"Statement\": [\n    {\n      \"Sid\": \"\",\n      \"Effect\": \"Allow\",\n      \"Action\": [\n        \"sqs:ReceiveMessage\",\n        \"sqs:GetQueueAttributes\",\n        \"sqs:DeleteMessage\"\n      ],\n      \"Resource\": \"arn:aws:sqs:ap-northeast-2:131466135658:EventToNurseryQueue\"\n    }\n  ]\n}",
            "override_json": null,
            "override_policy_documents": null,
            "policy_id": null,
            "source_json": null,
            "source_policy_documents": null,
            "statement": [
              {
                "actions": [
                  "sqs:DeleteMessage",
                  "sqs:GetQueueAttributes",
                  "sqs:ReceiveMessage"
                ],
                "condition": [],
                "effect": "Allow",
                "not_actions": [],
                "not_principals": [],
                "not_resources": [],
                "principals": [],
                "resources": [
                  "arn:aws:sqs:ap-northeast-2:131466135658:EventToNurseryQueue"
                ],
                "sid": ""
              }
            ],
            "version": "2012-10-17"
          },
          "sensitive_attributes": []
        }
      ]
    },
    {
      "mode": "managed",
      "type": "aws_cloudwatch_event_bus",
      "name": "integrate_event_bus",
      "provider": "provider[\"registry.terraform.io/hashicorp/aws\"]",
      "instances": [
        {
          "schema_version": 0,
          "attributes": {
            "arn": "arn:aws:events:ap-northeast-2:131466135658:event-bus/IntegrateEventBus",
            "event_source_name": null,
            "id": "IntegrateEventBus",
            "name": "IntegrateEventBus",
            "tags": {},
            "tags_all": {}
          },
          "sensitive_attributes": [],
          "private": "bnVsbA=="
        }
      ]
    },
    {
      "mode": "managed",
      "type": "aws_cloudwatch_event_rule",
      "name": "accept",
      "provider": "provider[\"registry.terraform.io/hashicorp/aws\"]",
      "instances": [
        {
          "schema_version": 0,
          "attributes": {
            "arn": "arn:aws:events:ap-northeast-2:131466135658:rule/IntegrateEventBus/Accept",
            "description": "",
            "event_bus_name": "arn:aws:events:ap-northeast-2:131466135658:event-bus/IntegrateEventBus",
            "event_pattern": "{\"detail-type\":[\"Accept\"],\"source\":[\"DynamoDB\"]}",
            "id": "arn:aws:events:ap-northeast-2:131466135658:event-bus/IntegrateEventBus/Accept",
            "is_enabled": true,
            "name": "Accept",
            "name_prefix": "",
            "role_arn": "",
            "schedule_expression": "",
            "tags": {},
            "tags_all": {}
          },
          "sensitive_attributes": [],
          "private": "bnVsbA==",
          "dependencies": [
            "aws_cloudwatch_event_bus.integrate_event_bus"
          ]
        }
      ]
    },
    {
      "mode": "managed",
      "type": "aws_cloudwatch_event_rule",
      "name": "cancel",
      "provider": "provider[\"registry.terraform.io/hashicorp/aws\"]",
      "instances": [
        {
          "schema_version": 0,
          "attributes": {
            "arn": "arn:aws:events:ap-northeast-2:131466135658:rule/IntegrateEventBus/Cancel",
            "description": "",
            "event_bus_name": "arn:aws:events:ap-northeast-2:131466135658:event-bus/IntegrateEventBus",
            "event_pattern": "{\"detail-type\":[\"Cancel\"],\"source\":[\"DynamoDB\"]}",
            "id": "arn:aws:events:ap-northeast-2:131466135658:event-bus/IntegrateEventBus/Cancel",
            "is_enabled": true,
            "name": "Cancel",
            "name_prefix": "",
            "role_arn": "",
            "schedule_expression": "",
            "tags": {},
            "tags_all": {}
          },
          "sensitive_attributes": [],
          "private": "bnVsbA==",
          "dependencies": [
            "aws_cloudwatch_event_bus.integrate_event_bus"
          ]
        }
      ]
    },
    {
      "mode": "managed",
      "type": "aws_cloudwatch_event_rule",
      "name": "reject",
      "provider": "provider[\"registry.terraform.io/hashicorp/aws\"]",
      "instances": [
        {
          "schema_version": 0,
          "attributes": {
            "arn": "arn:aws:events:ap-northeast-2:131466135658:rule/IntegrateEventBus/Reject",
            "description": "",
            "event_bus_name": "arn:aws:events:ap-northeast-2:131466135658:event-bus/IntegrateEventBus",
            "event_pattern": "{\"detail-type\":[\"Reject\"],\"source\":[\"DynamoDB\"]}",
            "id": "arn:aws:events:ap-northeast-2:131466135658:event-bus/IntegrateEventBus/Reject",
            "is_enabled": true,
            "name": "Reject",
            "name_prefix": "",
            "role_arn": "",
            "schedule_expression": "",
            "tags": {},
            "tags_all": {}
          },
          "sensitive_attributes": [],
          "private": "bnVsbA==",
          "dependencies": [
            "aws_cloudwatch_event_bus.integrate_event_bus"
          ]
        }
      ]
    },
    {
      "mode": "managed",
      "type": "aws_cloudwatch_event_rule",
      "name": "request",
      "provider": "provider[\"registry.terraform.io/hashicorp/aws\"]",
      "instances": [
        {
          "schema_version": 0,
          "attributes": {
            "arn": "arn:aws:events:ap-northeast-2:131466135658:rule/IntegrateEventBus/Request",
            "description": "",
            "event_bus_name": "arn:aws:events:ap-northeast-2:131466135658:event-bus/IntegrateEventBus",
            "event_pattern": "{\"detail-type\":[\"Request\"],\"source\":[\"DynamoDB\"]}",
            "id": "arn:aws:events:ap-northeast-2:131466135658:event-bus/IntegrateEventBus/Request",
            "is_enabled": true,
            "name": "Request",
            "name_prefix": "",
            "role_arn": "",
            "schedule_expression": "",
            "tags": {},
            "tags_all": {}
          },
          "sensitive_attributes": [],
          "private": "bnVsbA==",
          "dependencies": [
            "aws_cloudwatch_event_bus.integrate_event_bus"
          ]
        }
      ]
    },
    {
      "mode": "managed",
      "type": "aws_cloudwatch_event_target",
      "name": "accept_queue_target",
      "provider": "provider[\"registry.terraform.io/hashicorp/aws\"]",
      "instances": [
        {
          "schema_version": 1,
          "attributes": {
            "arn": "arn:aws:sqs:ap-northeast-2:131466135658:EventToEnterwaitQueue",
            "batch_target": [],
            "dead_letter_config": [],
            "ecs_target": [],
            "event_bus_name": "arn:aws:events:ap-northeast-2:131466135658:event-bus/IntegrateEventBus",
            "http_target": [],
            "id": "arn:aws:events:ap-northeast-2:131466135658:event-bus/IntegrateEventBus-Accept-terraform-20230626062834743500000010",
            "input": "",
            "input_path": "",
            "input_transformer": [],
            "kinesis_target": [],
            "redshift_target": [],
            "retry_policy": [],
            "role_arn": "",
            "rule": "Accept",
            "run_command_targets": [],
            "sqs_target": [],
            "target_id": "terraform-20230626062834743500000010"
          },
          "sensitive_attributes": [],
          "private": "eyJzY2hlbWFfdmVyc2lvbiI6IjEifQ==",
          "dependencies": [
            "aws_cloudwatch_event_bus.integrate_event_bus",
            "aws_cloudwatch_event_rule.accept",
            "aws_sqs_queue.event_to_enterwait_queue"
          ]
        }
      ]
    },
    {
      "mode": "managed",
      "type": "aws_cloudwatch_event_target",
      "name": "accept_target",
      "provider": "provider[\"registry.terraform.io/hashicorp/aws\"]",
      "instances": [
        {
          "schema_version": 1,
          "attributes": {
            "arn": "arn:aws:lambda:ap-northeast-2:131466135658:function:SendEmail",
            "batch_target": [],
            "dead_letter_config": [],
            "ecs_target": [],
            "event_bus_name": "arn:aws:events:ap-northeast-2:131466135658:event-bus/IntegrateEventBus",
            "http_target": [],
            "id": "arn:aws:events:ap-northeast-2:131466135658:event-bus/IntegrateEventBus-Accept-terraform-2023062606283283480000000c",
            "input": "",
            "input_path": "",
            "input_transformer": [],
            "kinesis_target": [],
            "redshift_target": [],
            "retry_policy": [],
            "role_arn": "",
            "rule": "Accept",
            "run_command_targets": [],
            "sqs_target": [],
            "target_id": "terraform-2023062606283283480000000c"
          },
          "sensitive_attributes": [],
          "private": "eyJzY2hlbWFfdmVyc2lvbiI6IjEifQ==",
          "dependencies": [
            "aws_cloudwatch_event_bus.integrate_event_bus",
            "aws_cloudwatch_event_rule.accept",
            "aws_iam_role.iam_lf_se",
            "aws_lambda_function.send_email",
            "data.archive_file.lf_se_zip",
            "data.aws_iam_policy_document.assume_role"
          ]
        }
      ]
    },
    {
      "mode": "managed",
      "type": "aws_cloudwatch_event_target",
      "name": "cancel_queue_target",
      "provider": "provider[\"registry.terraform.io/hashicorp/aws\"]",
      "instances": [
        {
          "schema_version": 1,
          "attributes": {
            "arn": "arn:aws:sqs:ap-northeast-2:131466135658:EventToNurseryQueue",
            "batch_target": [],
            "dead_letter_config": [],
            "ecs_target": [],
            "event_bus_name": "arn:aws:events:ap-northeast-2:131466135658:event-bus/IntegrateEventBus",
            "http_target": [],
            "id": "arn:aws:events:ap-northeast-2:131466135658:event-bus/IntegrateEventBus-Cancel-terraform-20230626062834757400000012",
            "input": "",
            "input_path": "",
            "input_transformer": [],
            "kinesis_target": [],
            "redshift_target": [],
            "retry_policy": [],
            "role_arn": "",
            "rule": "Cancel",
            "run_command_targets": [],
            "sqs_target": [],
            "target_id": "terraform-20230626062834757400000012"
          },
          "sensitive_attributes": [],
          "private": "eyJzY2hlbWFfdmVyc2lvbiI6IjEifQ==",
          "dependencies": [
            "aws_cloudwatch_event_bus.integrate_event_bus",
            "aws_cloudwatch_event_rule.cancel",
            "aws_sqs_queue.event_to_nursery_queue"
          ]
        }
      ]
    },
    {
      "mode": "managed",
      "type": "aws_cloudwatch_event_target",
      "name": "cancel_target",
      "provider": "provider[\"registry.terraform.io/hashicorp/aws\"]",
      "instances": [
        {
          "schema_version": 1,
          "attributes": {
            "arn": "arn:aws:lambda:ap-northeast-2:131466135658:function:SendEmail",
            "batch_target": [],
            "dead_letter_config": [],
            "ecs_target": [],
            "event_bus_name": "arn:aws:events:ap-northeast-2:131466135658:event-bus/IntegrateEventBus",
            "http_target": [],
            "id": "arn:aws:events:ap-northeast-2:131466135658:event-bus/IntegrateEventBus-Cancel-terraform-2023062606283270920000000a",
            "input": "",
            "input_path": "",
            "input_transformer": [],
            "kinesis_target": [],
            "redshift_target": [],
            "retry_policy": [],
            "role_arn": "",
            "rule": "Cancel",
            "run_command_targets": [],
            "sqs_target": [],
            "target_id": "terraform-2023062606283270920000000a"
          },
          "sensitive_attributes": [],
          "private": "eyJzY2hlbWFfdmVyc2lvbiI6IjEifQ==",
          "dependencies": [
            "aws_cloudwatch_event_bus.integrate_event_bus",
            "aws_cloudwatch_event_rule.cancel",
            "aws_iam_role.iam_lf_se",
            "aws_lambda_function.send_email",
            "data.archive_file.lf_se_zip",
            "data.aws_iam_policy_document.assume_role"
          ]
        }
      ]
    },
    {
      "mode": "managed",
      "type": "aws_cloudwatch_event_target",
      "name": "reject_queue_target",
      "provider": "provider[\"registry.terraform.io/hashicorp/aws\"]",
      "instances": [
        {
          "schema_version": 1,
          "attributes": {
            "arn": "arn:aws:sqs:ap-northeast-2:131466135658:EventToEnterwaitQueue",
            "batch_target": [],
            "dead_letter_config": [],
            "ecs_target": [],
            "event_bus_name": "arn:aws:events:ap-northeast-2:131466135658:event-bus/IntegrateEventBus",
            "http_target": [],
            "id": "arn:aws:events:ap-northeast-2:131466135658:event-bus/IntegrateEventBus-Reject-terraform-20230626062834752300000011",
            "input": "",
            "input_path": "",
            "input_transformer": [],
            "kinesis_target": [],
            "redshift_target": [],
            "retry_policy": [],
            "role_arn": "",
            "rule": "Reject",
            "run_command_targets": [],
            "sqs_target": [],
            "target_id": "terraform-20230626062834752300000011"
          },
          "sensitive_attributes": [],
          "private": "eyJzY2hlbWFfdmVyc2lvbiI6IjEifQ==",
          "dependencies": [
            "aws_cloudwatch_event_bus.integrate_event_bus",
            "aws_cloudwatch_event_rule.reject",
            "aws_sqs_queue.event_to_enterwait_queue"
          ]
        }
      ]
    },
    {
      "mode": "managed",
      "type": "aws_cloudwatch_event_target",
      "name": "reject_target",
      "provider": "provider[\"registry.terraform.io/hashicorp/aws\"]",
      "instances": [
        {
          "schema_version": 1,
          "attributes": {
            "arn": "arn:aws:lambda:ap-northeast-2:131466135658:function:SendEmail",
            "batch_target": [],
            "dead_letter_config": [],
            "ecs_target": [],
            "event_bus_name": "arn:aws:events:ap-northeast-2:131466135658:event-bus/IntegrateEventBus",
            "http_target": [],
            "id": "arn:aws:events:ap-northeast-2:131466135658:event-bus/IntegrateEventBus-Reject-terraform-2023062606283278800000000b",
            "input": "",
            "input_path": "",
            "input_transformer": [],
            "kinesis_target": [],
            "redshift_target": [],
            "retry_policy": [],
            "role_arn": "",
            "rule": "Reject",
            "run_command_targets": [],
            "sqs_target": [],
            "target_id": "terraform-2023062606283278800000000b"
          },
          "sensitive_attributes": [],
          "private": "eyJzY2hlbWFfdmVyc2lvbiI6IjEifQ==",
          "dependencies": [
            "aws_cloudwatch_event_bus.integrate_event_bus",
            "aws_cloudwatch_event_rule.reject",
            "aws_iam_role.iam_lf_se",
            "aws_lambda_function.send_email",
            "data.archive_file.lf_se_zip",
            "data.aws_iam_policy_document.assume_role"
          ]
        }
      ]
    },
    {
      "mode": "managed",
      "type": "aws_cloudwatch_event_target",
      "name": "request_queue_target",
      "provider": "provider[\"registry.terraform.io/hashicorp/aws\"]",
      "instances": [
        {
          "schema_version": 1,
          "attributes": {
            "arn": "arn:aws:sqs:ap-northeast-2:131466135658:EventToNurseryQueue",
            "batch_target": [],
            "dead_letter_config": [],
            "ecs_target": [],
            "event_bus_name": "arn:aws:events:ap-northeast-2:131466135658:event-bus/IntegrateEventBus",
            "http_target": [],
            "id": "arn:aws:events:ap-northeast-2:131466135658:event-bus/IntegrateEventBus-Request-terraform-20230626062834757400000013",
            "input": "",
            "input_path": "",
            "input_transformer": [],
            "kinesis_target": [],
            "redshift_target": [],
            "retry_policy": [],
            "role_arn": "",
            "rule": "Request",
            "run_command_targets": [],
            "sqs_target": [],
            "target_id": "terraform-20230626062834757400000013"
          },
          "sensitive_attributes": [],
          "private": "eyJzY2hlbWFfdmVyc2lvbiI6IjEifQ==",
          "dependencies": [
            "aws_cloudwatch_event_bus.integrate_event_bus",
            "aws_cloudwatch_event_rule.request",
            "aws_sqs_queue.event_to_nursery_queue"
          ]
        }
      ]
    },
    {
      "mode": "managed",
      "type": "aws_cloudwatch_event_target",
      "name": "request_target",
      "provider": "provider[\"registry.terraform.io/hashicorp/aws\"]",
      "instances": [
        {
          "schema_version": 1,
          "attributes": {
            "arn": "arn:aws:lambda:ap-northeast-2:131466135658:function:SendEmail",
            "batch_target": [],
            "dead_letter_config": [],
            "ecs_target": [],
            "event_bus_name": "arn:aws:events:ap-northeast-2:131466135658:event-bus/IntegrateEventBus",
            "http_target": [],
            "id": "arn:aws:events:ap-northeast-2:131466135658:event-bus/IntegrateEventBus-Request-terraform-2023062606283285750000000d",
            "input": "",
            "input_path": "",
            "input_transformer": [],
            "kinesis_target": [],
            "redshift_target": [],
            "retry_policy": [],
            "role_arn": "",
            "rule": "Request",
            "run_command_targets": [],
            "sqs_target": [],
            "target_id": "terraform-2023062606283285750000000d"
          },
          "sensitive_attributes": [],
          "private": "eyJzY2hlbWFfdmVyc2lvbiI6IjEifQ==",
          "dependencies": [
            "aws_cloudwatch_event_bus.integrate_event_bus",
            "aws_cloudwatch_event_rule.request",
            "aws_iam_role.iam_lf_se",
            "aws_lambda_function.send_email",
            "data.archive_file.lf_se_zip",
            "data.aws_iam_policy_document.assume_role"
          ]
        }
      ]
    },
    {
      "mode": "managed",
      "type": "aws_cloudwatch_log_group",
      "name": "loggroup_lf_dte",
      "provider": "provider[\"registry.terraform.io/hashicorp/aws\"]",
      "instances": [
        {
          "schema_version": 0,
          "attributes": {
            "arn": "arn:aws:logs:ap-northeast-2:131466135658:log-group:/aws/lambda/DynamoDBtoEventBridge",
            "id": "/aws/lambda/DynamoDBtoEventBridge",
            "kms_key_id": "",
            "name": "/aws/lambda/DynamoDBtoEventBridge",
            "name_prefix": "",
            "retention_in_days": 30,
            "skip_destroy": false,
            "tags": {},
            "tags_all": {}
          },
          "sensitive_attributes": [],
          "private": "bnVsbA==",
          "dependencies": [
            "aws_cloudwatch_event_bus.integrate_event_bus",
            "aws_iam_role.iam_lf_dte",
            "aws_lambda_function.dynamodb_to_eventbridge",
            "data.archive_file.lf_dte_zip",
            "data.aws_iam_policy_document.assume_role"
          ]
        }
      ]
    },
    {
      "mode": "managed",
      "type": "aws_cloudwatch_log_group",
      "name": "loggroup_lf_se",
      "provider": "provider[\"registry.terraform.io/hashicorp/aws\"]",
      "instances": [
        {
          "schema_version": 0,
          "attributes": {
            "arn": "arn:aws:logs:ap-northeast-2:131466135658:log-group:/aws/lambda/SendEmail",
            "id": "/aws/lambda/SendEmail",
            "kms_key_id": "",
            "name": "/aws/lambda/SendEmail",
            "name_prefix": "",
            "retention_in_days": 30,
            "skip_destroy": false,
            "tags": {},
            "tags_all": {}
          },
          "sensitive_attributes": [],
          "private": "bnVsbA==",
          "dependencies": [
            "aws_iam_role.iam_lf_se",
            "aws_lambda_function.send_email",
            "data.archive_file.lf_se_zip",
            "data.aws_iam_policy_document.assume_role"
          ]
        }
      ]
    },
    {
      "mode": "managed",
      "type": "aws_cloudwatch_log_group",
      "name": "loggroup_lf_std",
      "provider": "provider[\"registry.terraform.io/hashicorp/aws\"]",
      "instances": [
        {
          "schema_version": 0,
          "attributes": {
            "arn": "arn:aws:logs:ap-northeast-2:131466135658:log-group:/aws/lambda/SQStoDynamoDB",
            "id": "/aws/lambda/SQStoDynamoDB",
            "kms_key_id": "",
            "name": "/aws/lambda/SQStoDynamoDB",
            "name_prefix": "",
            "retention_in_days": 30,
            "skip_destroy": false,
            "tags": {},
            "tags_all": {}
          },
          "sensitive_attributes": [],
          "private": "bnVsbA==",
          "dependencies": [
            "aws_dynamodb_table.integrate_event_dynamodb",
            "aws_iam_role.iam_lf_std",
            "aws_lambda_function.sqs_to_dynamodb",
            "data.archive_file.lf_std_zip",
            "data.aws_iam_policy_document.assume_role"
          ]
        }
      ]
    },
    {
      "mode": "managed",
      "type": "aws_cloudwatch_log_group",
      "name": "loggroup_lf_ste",
      "provider": "provider[\"registry.terraform.io/hashicorp/aws\"]",
      "instances": [
        {
          "schema_version": 0,
          "attributes": {
            "arn": "arn:aws:logs:ap-northeast-2:131466135658:log-group:/aws/lambda/SQStoEnterwait",
            "id": "/aws/lambda/SQStoEnterwait",
            "kms_key_id": "",
            "name": "/aws/lambda/SQStoEnterwait",
            "name_prefix": "",
            "retention_in_days": 30,
            "skip_destroy": false,
            "tags": {},
            "tags_all": {}
          },
          "sensitive_attributes": [],
          "private": "bnVsbA==",
          "dependencies": [
            "aws_iam_role.iam_lf_ste",
            "aws_lambda_function.sqs_to_enterwait",
            "data.archive_file.lf_ste_zip",
            "data.aws_iam_policy_document.assume_role"
          ]
        }
      ]
    },
    {
      "mode": "managed",
      "type": "aws_cloudwatch_log_group",
      "name": "loggroup_lf_stn",
      "provider": "provider[\"registry.terraform.io/hashicorp/aws\"]",
      "instances": [
        {
          "schema_version": 0,
          "attributes": {
            "arn": "arn:aws:logs:ap-northeast-2:131466135658:log-group:/aws/lambda/SQStoNursery",
            "id": "/aws/lambda/SQStoNursery",
            "kms_key_id": "",
            "name": "/aws/lambda/SQStoNursery",
            "name_prefix": "",
            "retention_in_days": 30,
            "skip_destroy": false,
            "tags": {},
            "tags_all": {}
          },
          "sensitive_attributes": [],
          "private": "bnVsbA==",
          "dependencies": [
            "aws_iam_role.iam_lf_stn",
            "aws_lambda_function.sqs_to_nursery",
            "data.archive_file.lf_stn_zip",
            "data.aws_iam_policy_document.assume_role"
          ]
        }
      ]
    },
    {
      "mode": "managed",
      "type": "aws_dynamodb_table",
      "name": "integrate_event_dynamodb",
      "provider": "provider[\"registry.terraform.io/hashicorp/aws\"]",
      "instances": [
        {
          "schema_version": 1,
          "attributes": {
            "arn": "arn:aws:dynamodb:ap-northeast-2:131466135658:table/IntegrateEventDynamoDB",
            "attribute": [
              {
                "name": "create_date",
                "type": "S"
              },
              {
                "name": "request_id",
                "type": "S"
              }
            ],
            "billing_mode": "PROVISIONED",
            "deletion_protection_enabled": false,
            "global_secondary_index": [],
            "hash_key": "request_id",
            "id": "IntegrateEventDynamoDB",
            "local_secondary_index": [],
            "name": "IntegrateEventDynamoDB",
            "point_in_time_recovery": [
              {
                "enabled": false
              }
            ],
            "range_key": "create_date",
            "read_capacity": 5,
            "replica": [],
            "restore_date_time": null,
            "restore_source_name": null,
            "restore_to_latest_time": null,
            "server_side_encryption": [],
            "stream_arn": "arn:aws:dynamodb:ap-northeast-2:131466135658:table/IntegrateEventDynamoDB/stream/2023-06-26T06:28:09.561",
            "stream_enabled": true,
            "stream_label": "2023-06-26T06:28:09.561",
            "stream_view_type": "NEW_AND_OLD_IMAGES",
            "table_class": "STANDARD",
            "tags": {},
            "tags_all": {},
            "timeouts": null,
            "ttl": [
              {
                "attribute_name": "",
                "enabled": false
              }
            ],
            "write_capacity": 5
          },
          "sensitive_attributes": [],
          "private": "eyJlMmJmYjczMC1lY2FhLTExZTYtOGY4OC0zNDM2M2JjN2M0YzAiOnsiY3JlYXRlIjoxODAwMDAwMDAwMDAwLCJkZWxldGUiOjYwMDAwMDAwMDAwMCwidXBkYXRlIjozNjAwMDAwMDAwMDAwfSwic2NoZW1hX3ZlcnNpb24iOiIxIn0="
        }
      ]
    },
    {
      "mode": "managed",
      "type": "aws_iam_policy",
      "name": "policy_lf_dte",
      "provider": "provider[\"registry.terraform.io/hashicorp/aws\"]",
      "instances": [
        {
          "schema_version": 0,
          "attributes": {
            "arn": "arn:aws:iam::131466135658:policy/policy_lf_dte",
            "description": "",
            "id": "arn:aws:iam::131466135658:policy/policy_lf_dte",
            "name": "policy_lf_dte",
            "name_prefix": "",
            "path": "/",
            "policy": "{\"Statement\":[{\"Action\":[\"dynamodb:ListStreams\",\"dynamodb:GetShardIterator\",\"dynamodb:GetRecords\",\"dynamodb:DescribeStream\"],\"Effect\":\"Allow\",\"Resource\":\"arn:aws:dynamodb:ap-northeast-2:131466135658:table/IntegrateEventDynamoDB/stream/2023-06-26T06:28:09.561\",\"Sid\":\"\"},{\"Action\":\"events:PutEvents\",\"Effect\":\"Allow\",\"Resource\":\"*\",\"Sid\":\"\"}],\"Version\":\"2012-10-17\"}",
            "policy_id": "ANPAR5G76BBVPY7VHPEZG",
            "tags": {},
            "tags_all": {}
          },
          "sensitive_attributes": [],
          "private": "bnVsbA==",
          "dependencies": [
            "aws_dynamodb_table.integrate_event_dynamodb",
            "data.aws_iam_policy_document.policy_lf_dte"
          ]
        }
      ]
    },
    {
      "mode": "managed",
      "type": "aws_iam_policy",
      "name": "policy_lf_se",
      "provider": "provider[\"registry.terraform.io/hashicorp/aws\"]",
      "instances": [
        {
          "schema_version": 0,
          "attributes": {
            "arn": "arn:aws:iam::131466135658:policy/policy_lf_se",
            "description": "",
            "id": "arn:aws:iam::131466135658:policy/policy_lf_se",
            "name": "policy_lf_se",
            "name_prefix": "",
            "path": "/",
            "policy": "{\"Statement\":[{\"Action\":\"ses:SendEmail\",\"Effect\":\"Allow\",\"Resource\":\"*\",\"Sid\":\"\"}],\"Version\":\"2012-10-17\"}",
            "policy_id": "ANPAR5G76BBVBWK4TUBUM",
            "tags": {},
            "tags_all": {}
          },
          "sensitive_attributes": [],
          "private": "bnVsbA==",
          "dependencies": [
            "data.aws_iam_policy_document.policy_lf_se"
          ]
        }
      ]
    },
    {
      "mode": "managed",
      "type": "aws_iam_policy",
      "name": "policy_lf_std",
      "provider": "provider[\"registry.terraform.io/hashicorp/aws\"]",
      "instances": [
        {
          "schema_version": 0,
          "attributes": {
            "arn": "arn:aws:iam::131466135658:policy/policy_lf_std",
            "description": "",
            "id": "arn:aws:iam::131466135658:policy/policy_lf_std",
            "name": "policy_lf_std",
            "name_prefix": "",
            "path": "/",
            "policy": "{\"Statement\":[{\"Action\":[\"sqs:ReceiveMessage\",\"sqs:GetQueueAttributes\",\"sqs:DeleteMessage\"],\"Effect\":\"Allow\",\"Resource\":\"arn:aws:sqs:ap-northeast-2:131466135658:IntegrateEventQueue\",\"Sid\":\"\"},{\"Action\":[\"dynamodb:PutItem\",\"dynamodb:PartiQLSelect\"],\"Effect\":\"Allow\",\"Resource\":\"arn:aws:dynamodb:ap-northeast-2:131466135658:table/IntegrateEventDynamoDB\",\"Sid\":\"\"}],\"Version\":\"2012-10-17\"}",
            "policy_id": "ANPAR5G76BBVFYYZAEVMJ",
            "tags": {},
            "tags_all": {}
          },
          "sensitive_attributes": [],
          "private": "bnVsbA==",
          "dependencies": [
            "aws_dynamodb_table.integrate_event_dynamodb",
            "aws_sqs_queue.integrate_event_queue",
            "data.aws_iam_policy_document.policy_lf_std"
          ]
        }
      ]
    },
    {
      "mode": "managed",
      "type": "aws_iam_policy",
      "name": "policy_lf_ste",
      "provider": "provider[\"registry.terraform.io/hashicorp/aws\"]",
      "instances": [
        {
          "schema_version": 0,
          "attributes": {
            "arn": "arn:aws:iam::131466135658:policy/policy_lf_ste",
            "description": "",
            "id": "arn:aws:iam::131466135658:policy/policy_lf_ste",
            "name": "policy_lf_ste",
            "name_prefix": "",
            "path": "/",
            "policy": "{\"Statement\":[{\"Action\":[\"sqs:ReceiveMessage\",\"sqs:GetQueueAttributes\",\"sqs:DeleteMessage\"],\"Effect\":\"Allow\",\"Resource\":\"arn:aws:sqs:ap-northeast-2:131466135658:EventToEnterwaitQueue\",\"Sid\":\"\"}],\"Version\":\"2012-10-17\"}",
            "policy_id": "ANPAR5G76BBVPOM54RZSJ",
            "tags": {},
            "tags_all": {}
          },
          "sensitive_attributes": [],
          "private": "bnVsbA==",
          "dependencies": [
            "aws_sqs_queue.event_to_enterwait_queue",
            "data.aws_iam_policy_document.policy_lf_ste"
          ]
        }
      ]
    },
    {
      "mode": "managed",
      "type": "aws_iam_policy",
      "name": "policy_lf_stn",
      "provider": "provider[\"registry.terraform.io/hashicorp/aws\"]",
      "instances": [
        {
          "schema_version": 0,
          "attributes": {
            "arn": "arn:aws:iam::131466135658:policy/policy_lf_stn",
            "description": "",
            "id": "arn:aws:iam::131466135658:policy/policy_lf_stn",
            "name": "policy_lf_stn",
            "name_prefix": "",
            "path": "/",
            "policy": "{\"Statement\":[{\"Action\":[\"sqs:ReceiveMessage\",\"sqs:GetQueueAttributes\",\"sqs:DeleteMessage\"],\"Effect\":\"Allow\",\"Resource\":\"arn:aws:sqs:ap-northeast-2:131466135658:EventToNurseryQueue\",\"Sid\":\"\"}],\"Version\":\"2012-10-17\"}",
            "policy_id": "ANPAR5G76BBVJKRJ2L7RQ",
            "tags": {},
            "tags_all": {}
          },
          "sensitive_attributes": [],
          "private": "bnVsbA==",
          "dependencies": [
            "aws_sqs_queue.event_to_nursery_queue",
            "data.aws_iam_policy_document.policy_lf_stn"
          ]
        }
      ]
    },
    {
      "mode": "managed",
      "type": "aws_iam_role",
      "name": "iam_lf_dte",
      "provider": "provider[\"registry.terraform.io/hashicorp/aws\"]",
      "instances": [
        {
          "schema_version": 0,
          "attributes": {
            "arn": "arn:aws:iam::131466135658:role/iam_lf_dte",
            "assume_role_policy": "{\"Statement\":[{\"Action\":\"sts:AssumeRole\",\"Effect\":\"Allow\",\"Principal\":{\"Service\":\"lambda.amazonaws.com\"},\"Sid\":\"\"}],\"Version\":\"2012-10-17\"}",
            "create_date": "2023-06-26T06:28:10Z",
            "description": "",
            "force_detach_policies": false,
            "id": "iam_lf_dte",
            "inline_policy": [],
            "managed_policy_arns": [
              "arn:aws:iam::131466135658:policy/policy_lf_dte",
              "arn:aws:iam::aws:policy/service-role/AWSLambdaBasicExecutionRole"
            ],
            "max_session_duration": 3600,
            "name": "iam_lf_dte",
            "name_prefix": "",
            "path": "/",
            "permissions_boundary": null,
            "role_last_used": [
              {
                "last_used_date": "",
                "region": ""
              }
            ],
            "tags": {},
            "tags_all": {},
            "unique_id": "AROAR5G76BBVCOKHC4HKI"
          },
          "sensitive_attributes": [],
          "private": "bnVsbA==",
          "dependencies": [
            "data.aws_iam_policy_document.assume_role"
          ]
        }
      ]
    },
    {
      "mode": "managed",
      "type": "aws_iam_role",
      "name": "iam_lf_se",
      "provider": "provider[\"registry.terraform.io/hashicorp/aws\"]",
      "instances": [
        {
          "schema_version": 0,
          "attributes": {
            "arn": "arn:aws:iam::131466135658:role/iam_lf_se",
            "assume_role_policy": "{\"Statement\":[{\"Action\":\"sts:AssumeRole\",\"Effect\":\"Allow\",\"Principal\":{\"Service\":\"lambda.amazonaws.com\"},\"Sid\":\"\"}],\"Version\":\"2012-10-17\"}",
            "create_date": "2023-06-26T06:28:10Z",
            "description": "",
            "force_detach_policies": false,
            "id": "iam_lf_se",
            "inline_policy": [],
            "managed_policy_arns": [
              "arn:aws:iam::131466135658:policy/policy_lf_se",
              "arn:aws:iam::aws:policy/service-role/AWSLambdaBasicExecutionRole"
            ],
            "max_session_duration": 3600,
            "name": "iam_lf_se",
            "name_prefix": "",
            "path": "/",
            "permissions_boundary": null,
            "role_last_used": [
              {
                "last_used_date": "",
                "region": ""
              }
            ],
            "tags": {},
            "tags_all": {},
            "unique_id": "AROAR5G76BBVFXW6QEWIF"
          },
          "sensitive_attributes": [],
          "private": "bnVsbA==",
          "dependencies": [
            "data.aws_iam_policy_document.assume_role"
          ]
        }
      ]
    },
    {
      "mode": "managed",
      "type": "aws_iam_role",
      "name": "iam_lf_std",
      "provider": "provider[\"registry.terraform.io/hashicorp/aws\"]",
      "instances": [
        {
          "schema_version": 0,
          "attributes": {
            "arn": "arn:aws:iam::131466135658:role/iam_lf_std",
            "assume_role_policy": "{\"Statement\":[{\"Action\":\"sts:AssumeRole\",\"Effect\":\"Allow\",\"Principal\":{\"Service\":\"lambda.amazonaws.com\"},\"Sid\":\"\"}],\"Version\":\"2012-10-17\"}",
            "create_date": "2023-06-26T06:28:10Z",
            "description": "",
            "force_detach_policies": false,
            "id": "iam_lf_std",
            "inline_policy": [],
            "managed_policy_arns": [
              "arn:aws:iam::131466135658:policy/policy_lf_std",
              "arn:aws:iam::aws:policy/service-role/AWSLambdaBasicExecutionRole"
            ],
            "max_session_duration": 3600,
            "name": "iam_lf_std",
            "name_prefix": "",
            "path": "/",
            "permissions_boundary": null,
            "role_last_used": [
              {
                "last_used_date": "",
                "region": ""
              }
            ],
            "tags": {},
            "tags_all": {},
            "unique_id": "AROAR5G76BBVGHVGTOS6U"
          },
          "sensitive_attributes": [],
          "private": "bnVsbA==",
          "dependencies": [
            "data.aws_iam_policy_document.assume_role"
          ]
        }
      ]
    },
    {
      "mode": "managed",
      "type": "aws_iam_role",
      "name": "iam_lf_ste",
      "provider": "provider[\"registry.terraform.io/hashicorp/aws\"]",
      "instances": [
        {
          "schema_version": 0,
          "attributes": {
            "arn": "arn:aws:iam::131466135658:role/iam_lf_ste",
            "assume_role_policy": "{\"Statement\":[{\"Action\":\"sts:AssumeRole\",\"Effect\":\"Allow\",\"Principal\":{\"Service\":\"lambda.amazonaws.com\"},\"Sid\":\"\"}],\"Version\":\"2012-10-17\"}",
            "create_date": "2023-06-26T06:28:10Z",
            "description": "",
            "force_detach_policies": false,
            "id": "iam_lf_ste",
            "inline_policy": [],
            "managed_policy_arns": [
              "arn:aws:iam::131466135658:policy/policy_lf_ste",
              "arn:aws:iam::aws:policy/service-role/AWSLambdaBasicExecutionRole"
            ],
            "max_session_duration": 3600,
            "name": "iam_lf_ste",
            "name_prefix": "",
            "path": "/",
            "permissions_boundary": null,
            "role_last_used": [
              {
                "last_used_date": "",
                "region": ""
              }
            ],
            "tags": {},
            "tags_all": {},
            "unique_id": "AROAR5G76BBVJZKVL3BF2"
          },
          "sensitive_attributes": [],
          "private": "bnVsbA==",
          "dependencies": [
            "data.aws_iam_policy_document.assume_role"
          ]
        }
      ]
    },
    {
      "mode": "managed",
      "type": "aws_iam_role",
      "name": "iam_lf_stn",
      "provider": "provider[\"registry.terraform.io/hashicorp/aws\"]",
      "instances": [
        {
          "schema_version": 0,
          "attributes": {
            "arn": "arn:aws:iam::131466135658:role/iam_lf_stn",
            "assume_role_policy": "{\"Statement\":[{\"Action\":\"sts:AssumeRole\",\"Effect\":\"Allow\",\"Principal\":{\"Service\":\"lambda.amazonaws.com\"},\"Sid\":\"\"}],\"Version\":\"2012-10-17\"}",
            "create_date": "2023-06-26T06:28:10Z",
            "description": "",
            "force_detach_policies": false,
            "id": "iam_lf_stn",
            "inline_policy": [],
            "managed_policy_arns": [
              "arn:aws:iam::131466135658:policy/policy_lf_stn",
              "arn:aws:iam::aws:policy/service-role/AWSLambdaBasicExecutionRole"
            ],
            "max_session_duration": 3600,
            "name": "iam_lf_stn",
            "name_prefix": "",
            "path": "/",
            "permissions_boundary": null,
            "role_last_used": [
              {
                "last_used_date": "",
                "region": ""
              }
            ],
            "tags": {},
            "tags_all": {},
            "unique_id": "AROAR5G76BBVBXRAA5REW"
          },
          "sensitive_attributes": [],
          "private": "bnVsbA==",
          "dependencies": [
            "data.aws_iam_policy_document.assume_role"
          ]
        }
      ]
    },
    {
      "mode": "managed",
      "type": "aws_iam_role_policy_attachment",
      "name": "attach_lber_lf_dte",
      "provider": "provider[\"registry.terraform.io/hashicorp/aws\"]",
      "instances": [
        {
          "schema_version": 0,
          "attributes": {
            "id": "iam_lf_dte-20230626062811986200000006",
            "policy_arn": "arn:aws:iam::aws:policy/service-role/AWSLambdaBasicExecutionRole",
            "role": "iam_lf_dte"
          },
          "sensitive_attributes": [],
          "private": "bnVsbA==",
          "dependencies": [
            "aws_iam_role.iam_lf_dte",
            "data.aws_iam_policy_document.assume_role"
          ]
        }
      ]
    },
    {
      "mode": "managed",
      "type": "aws_iam_role_policy_attachment",
      "name": "attach_lber_lf_se",
      "provider": "provider[\"registry.terraform.io/hashicorp/aws\"]",
      "instances": [
        {
          "schema_version": 0,
          "attributes": {
            "id": "iam_lf_se-20230626062811256700000001",
            "policy_arn": "arn:aws:iam::aws:policy/service-role/AWSLambdaBasicExecutionRole",
            "role": "iam_lf_se"
          },
          "sensitive_attributes": [],
          "private": "bnVsbA==",
          "dependencies": [
            "aws_iam_role.iam_lf_se",
            "data.aws_iam_policy_document.assume_role"
          ]
        }
      ]
    },
    {
      "mode": "managed",
      "type": "aws_iam_role_policy_attachment",
      "name": "attach_lber_lf_std",
      "provider": "provider[\"registry.terraform.io/hashicorp/aws\"]",
      "instances": [
        {
          "schema_version": 0,
          "attributes": {
            "id": "iam_lf_std-20230626062811496400000004",
            "policy_arn": "arn:aws:iam::aws:policy/service-role/AWSLambdaBasicExecutionRole",
            "role": "iam_lf_std"
          },
          "sensitive_attributes": [],
          "private": "bnVsbA==",
          "dependencies": [
            "aws_iam_role.iam_lf_std",
            "data.aws_iam_policy_document.assume_role"
          ]
        }
      ]
    },
    {
      "mode": "managed",
      "type": "aws_iam_role_policy_attachment",
      "name": "attach_lber_lf_ste",
      "provider": "provider[\"registry.terraform.io/hashicorp/aws\"]",
      "instances": [
        {
          "schema_version": 0,
          "attributes": {
            "id": "iam_lf_ste-20230626062811746800000005",
            "policy_arn": "arn:aws:iam::aws:policy/service-role/AWSLambdaBasicExecutionRole",
            "role": "iam_lf_ste"
          },
          "sensitive_attributes": [],
          "private": "bnVsbA==",
          "dependencies": [
            "aws_iam_role.iam_lf_ste",
            "data.aws_iam_policy_document.assume_role"
          ]
        }
      ]
    },
    {
      "mode": "managed",
      "type": "aws_iam_role_policy_attachment",
      "name": "attach_lber_lf_stn",
      "provider": "provider[\"registry.terraform.io/hashicorp/aws\"]",
      "instances": [
        {
          "schema_version": 0,
          "attributes": {
            "id": "iam_lf_stn-20230626062811418900000003",
            "policy_arn": "arn:aws:iam::aws:policy/service-role/AWSLambdaBasicExecutionRole",
            "role": "iam_lf_stn"
          },
          "sensitive_attributes": [],
          "private": "bnVsbA==",
          "dependencies": [
            "aws_iam_role.iam_lf_stn",
            "data.aws_iam_policy_document.assume_role"
          ]
        }
      ]
    },
    {
      "mode": "managed",
      "type": "aws_iam_role_policy_attachment",
      "name": "attach_policy_lf_dte",
      "provider": "provider[\"registry.terraform.io/hashicorp/aws\"]",
      "instances": [
        {
          "schema_version": 0,
          "attributes": {
            "id": "iam_lf_dte-20230626062816956400000007",
            "policy_arn": "arn:aws:iam::131466135658:policy/policy_lf_dte",
            "role": "iam_lf_dte"
          },
          "sensitive_attributes": [],
          "private": "bnVsbA==",
          "dependencies": [
            "aws_dynamodb_table.integrate_event_dynamodb",
            "aws_iam_policy.policy_lf_dte",
            "aws_iam_role.iam_lf_dte",
            "data.aws_iam_policy_document.assume_role",
            "data.aws_iam_policy_document.policy_lf_dte"
          ]
        }
      ]
    },
    {
      "mode": "managed",
      "type": "aws_iam_role_policy_attachment",
      "name": "attach_policy_lf_se",
      "provider": "provider[\"registry.terraform.io/hashicorp/aws\"]",
      "instances": [
        {
          "schema_version": 0,
          "attributes": {
            "id": "iam_lf_se-20230626062811386600000002",
            "policy_arn": "arn:aws:iam::131466135658:policy/policy_lf_se",
            "role": "iam_lf_se"
          },
          "sensitive_attributes": [],
          "private": "bnVsbA==",
          "dependencies": [
            "aws_iam_policy.policy_lf_se",
            "aws_iam_role.iam_lf_se",
            "data.aws_iam_policy_document.assume_role",
            "data.aws_iam_policy_document.policy_lf_se"
          ]
        }
      ]
    },
    {
      "mode": "managed",
      "type": "aws_iam_role_policy_attachment",
      "name": "attach_policy_lf_std",
      "provider": "provider[\"registry.terraform.io/hashicorp/aws\"]",
      "instances": [
        {
          "schema_version": 0,
          "attributes": {
            "id": "iam_lf_std-20230626062840385700000016",
            "policy_arn": "arn:aws:iam::131466135658:policy/policy_lf_std",
            "role": "iam_lf_std"
          },
          "sensitive_attributes": [],
          "private": "bnVsbA==",
          "dependencies": [
            "aws_dynamodb_table.integrate_event_dynamodb",
            "aws_iam_policy.policy_lf_std",
            "aws_iam_role.iam_lf_std",
            "aws_sqs_queue.integrate_event_queue",
            "data.aws_iam_policy_document.assume_role",
            "data.aws_iam_policy_document.policy_lf_std"
          ]
        }
      ]
    },
    {
      "mode": "managed",
      "type": "aws_iam_role_policy_attachment",
      "name": "attach_policy_lf_ste",
      "provider": "provider[\"registry.terraform.io/hashicorp/aws\"]",
      "instances": [
        {
          "schema_version": 0,
          "attributes": {
            "id": "iam_lf_ste-20230626062840025100000014",
            "policy_arn": "arn:aws:iam::131466135658:policy/policy_lf_ste",
            "role": "iam_lf_ste"
          },
          "sensitive_attributes": [],
          "private": "bnVsbA==",
          "dependencies": [
            "aws_iam_policy.policy_lf_ste",
            "aws_iam_role.iam_lf_ste",
            "aws_sqs_queue.event_to_enterwait_queue",
            "data.aws_iam_policy_document.assume_role",
            "data.aws_iam_policy_document.policy_lf_ste"
          ]
        }
      ]
    },
    {
      "mode": "managed",
      "type": "aws_iam_role_policy_attachment",
      "name": "attach_policy_lf_stn",
      "provider": "provider[\"registry.terraform.io/hashicorp/aws\"]",
      "instances": [
        {
          "schema_version": 0,
          "attributes": {
            "id": "iam_lf_stn-20230626062840318800000015",
            "policy_arn": "arn:aws:iam::131466135658:policy/policy_lf_stn",
            "role": "iam_lf_stn"
          },
          "sensitive_attributes": [],
          "private": "bnVsbA==",
          "dependencies": [
            "aws_iam_policy.policy_lf_stn",
            "aws_iam_role.iam_lf_stn",
            "aws_sqs_queue.event_to_nursery_queue",
            "data.aws_iam_policy_document.assume_role",
            "data.aws_iam_policy_document.policy_lf_stn"
          ]
        }
      ]
    },
    {
      "mode": "managed",
      "type": "aws_lambda_event_source_mapping",
      "name": "dynamodb_to_lf_dte",
      "provider": "provider[\"registry.terraform.io/hashicorp/aws\"]",
      "instances": [
        {
          "schema_version": 0,
          "attributes": {
            "amazon_managed_kafka_event_source_config": [],
            "batch_size": 100,
            "bisect_batch_on_function_error": false,
            "destination_config": [
              {
                "on_failure": [
                  {
                    "destination_arn": null
                  }
                ]
              }
            ],
            "document_db_event_source_config": [],
            "enabled": true,
            "event_source_arn": "arn:aws:dynamodb:ap-northeast-2:131466135658:table/IntegrateEventDynamoDB/stream/2023-06-26T06:28:09.561",
            "filter_criteria": [],
            "function_arn": "arn:aws:lambda:ap-northeast-2:131466135658:function:DynamoDBtoEventBridge",
            "function_name": "arn:aws:lambda:ap-northeast-2:131466135658:function:DynamoDBtoEventBridge",
            "function_response_types": [],
            "id": "19d1c5fb-4442-4528-9a67-8e04a853fd42",
            "last_modified": "2023-06-26T06:29:00Z",
            "last_processing_result": "No records processed",
            "maximum_batching_window_in_seconds": 0,
            "maximum_record_age_in_seconds": -1,
            "maximum_retry_attempts": -1,
            "parallelization_factor": 1,
            "queues": [],
            "scaling_config": [],
            "self_managed_event_source": [],
            "self_managed_kafka_event_source_config": [],
            "source_access_configuration": [],
            "starting_position": "LATEST",
            "starting_position_timestamp": "",
            "state": "Enabled",
            "state_transition_reason": "User action",
            "topics": [],
            "tumbling_window_in_seconds": 0,
            "uuid": "19d1c5fb-4442-4528-9a67-8e04a853fd42"
          },
          "sensitive_attributes": [],
          "private": "bnVsbA==",
          "dependencies": [
            "aws_cloudwatch_event_bus.integrate_event_bus",
            "aws_dynamodb_table.integrate_event_dynamodb",
            "aws_iam_role.iam_lf_dte",
            "aws_lambda_function.dynamodb_to_eventbridge",
            "data.archive_file.lf_dte_zip",
            "data.aws_iam_policy_document.assume_role"
          ]
        }
      ]
    },
    {
      "mode": "managed",
      "type": "aws_lambda_event_source_mapping",
      "name": "sqs_to_lf_ste",
      "provider": "provider[\"registry.terraform.io/hashicorp/aws\"]",
      "instances": [
        {
          "schema_version": 0,
          "attributes": {
            "amazon_managed_kafka_event_source_config": [],
            "batch_size": 10,
            "bisect_batch_on_function_error": false,
            "destination_config": [],
            "document_db_event_source_config": [],
            "enabled": true,
            "event_source_arn": "arn:aws:sqs:ap-northeast-2:131466135658:EventToEnterwaitQueue",
            "filter_criteria": [],
            "function_arn": "arn:aws:lambda:ap-northeast-2:131466135658:function:SQStoEnterwait",
            "function_name": "arn:aws:lambda:ap-northeast-2:131466135658:function:SQStoEnterwait",
            "function_response_types": null,
            "id": "aed39b44-39d2-4dd2-8372-025687d084f6",
            "last_modified": "2023-06-26T06:35:38Z",
            "last_processing_result": "",
            "maximum_batching_window_in_seconds": 0,
            "maximum_record_age_in_seconds": 0,
            "maximum_retry_attempts": 0,
            "parallelization_factor": 0,
            "queues": null,
            "scaling_config": [],
            "self_managed_event_source": [],
            "self_managed_kafka_event_source_config": [],
            "source_access_configuration": [],
            "starting_position": "",
            "starting_position_timestamp": "",
            "state": "Enabled",
            "state_transition_reason": "USER_INITIATED",
            "topics": null,
            "tumbling_window_in_seconds": 0,
            "uuid": "aed39b44-39d2-4dd2-8372-025687d084f6"
          },
          "sensitive_attributes": [],
          "private": "bnVsbA==",
          "dependencies": [
            "aws_lambda_function.sqs_to_enterwait",
            "aws_sqs_queue.event_to_enterwait_queue"
          ]
        }
      ]
    },
    {
      "mode": "managed",
      "type": "aws_lambda_event_source_mapping",
      "name": "sqs_to_lf_stn",
      "provider": "provider[\"registry.terraform.io/hashicorp/aws\"]",
      "instances": [
        {
          "schema_version": 0,
          "attributes": {
            "amazon_managed_kafka_event_source_config": [],
            "batch_size": 10,
            "bisect_batch_on_function_error": false,
            "destination_config": [],
            "document_db_event_source_config": [],
            "enabled": true,
            "event_source_arn": "arn:aws:sqs:ap-northeast-2:131466135658:EventToNurseryQueue",
            "filter_criteria": [],
            "function_arn": "arn:aws:lambda:ap-northeast-2:131466135658:function:SQStoNursery",
            "function_name": "arn:aws:lambda:ap-northeast-2:131466135658:function:SQStoNursery",
            "function_response_types": null,
            "id": "53744712-3603-4a5c-9165-e540234e71f1",
            "last_modified": "2023-06-26T06:35:38Z",
            "last_processing_result": "",
            "maximum_batching_window_in_seconds": 0,
            "maximum_record_age_in_seconds": 0,
            "maximum_retry_attempts": 0,
            "parallelization_factor": 0,
            "queues": null,
            "scaling_config": [],
            "self_managed_event_source": [],
            "self_managed_kafka_event_source_config": [],
            "source_access_configuration": [],
            "starting_position": "",
            "starting_position_timestamp": "",
            "state": "Enabled",
            "state_transition_reason": "USER_INITIATED",
            "topics": null,
            "tumbling_window_in_seconds": 0,
            "uuid": "53744712-3603-4a5c-9165-e540234e71f1"
          },
          "sensitive_attributes": [],
          "private": "bnVsbA==",
          "dependencies": [
            "aws_lambda_function.sqs_to_nursery",
            "aws_sqs_queue.event_to_nursery_queue"
          ]
        }
      ]
    },
    {
      "mode": "managed",
      "type": "aws_lambda_function",
      "name": "dynamodb_to_eventbridge",
      "provider": "provider[\"registry.terraform.io/hashicorp/aws\"]",
      "instances": [
        {
          "schema_version": 0,
          "attributes": {
            "architectures": [
              "x86_64"
            ],
            "arn": "arn:aws:lambda:ap-northeast-2:131466135658:function:DynamoDBtoEventBridge",
            "code_signing_config_arn": "",
            "dead_letter_config": [],
            "description": "",
            "environment": [
              {
                "variables": {
                  "EVENT_BUS_NAME": "arn:aws:events:ap-northeast-2:131466135658:event-bus/IntegrateEventBus"
                }
              }
            ],
            "ephemeral_storage": [
              {
                "size": 512
              }
            ],
            "file_system_config": [],
            "filename": "./lambda/lf_dte.zip",
            "function_name": "DynamoDBtoEventBridge",
            "handler": "index.handler",
            "id": "DynamoDBtoEventBridge",
            "image_config": [],
            "image_uri": "",
            "invoke_arn": "arn:aws:apigateway:ap-northeast-2:lambda:path/2015-03-31/functions/arn:aws:lambda:ap-northeast-2:131466135658:function:DynamoDBtoEventBridge/invocations",
            "kms_key_arn": "",
            "last_modified": "2023-06-26T06:28:45.450+0000",
            "layers": [],
            "memory_size": 128,
            "package_type": "Zip",
            "publish": false,
            "qualified_arn": "arn:aws:lambda:ap-northeast-2:131466135658:function:DynamoDBtoEventBridge:$LATEST",
            "qualified_invoke_arn": "arn:aws:apigateway:ap-northeast-2:lambda:path/2015-03-31/functions/arn:aws:lambda:ap-northeast-2:131466135658:function:DynamoDBtoEventBridge:$LATEST/invocations",
            "replace_security_groups_on_destroy": null,
            "replacement_security_group_ids": null,
            "reserved_concurrent_executions": -1,
            "role": "arn:aws:iam::131466135658:role/iam_lf_dte",
            "runtime": "nodejs18.x",
            "s3_bucket": null,
            "s3_key": null,
            "s3_object_version": null,
            "signing_job_arn": "",
            "signing_profile_version_arn": "",
            "skip_destroy": false,
            "snap_start": [],
            "source_code_hash": "TjQx5FBFGcdtlFuYEpvNT8r/ljeRci44poJSGnSb5gE=",
            "source_code_size": 10419,
            "tags": {},
            "tags_all": {},
            "timeout": 3,
            "timeouts": null,
            "tracing_config": [
              {
                "mode": "PassThrough"
              }
            ],
            "version": "$LATEST",
            "vpc_config": []
          },
          "sensitive_attributes": [],
          "private": "eyJlMmJmYjczMC1lY2FhLTExZTYtOGY4OC0zNDM2M2JjN2M0YzAiOnsiY3JlYXRlIjo2MDAwMDAwMDAwMDAsImRlbGV0ZSI6NjAwMDAwMDAwMDAwLCJ1cGRhdGUiOjYwMDAwMDAwMDAwMH19",
          "dependencies": [
            "aws_cloudwatch_event_bus.integrate_event_bus",
            "aws_iam_role.iam_lf_dte",
            "data.archive_file.lf_dte_zip",
            "data.aws_iam_policy_document.assume_role"
          ]
        }
      ]
    },
    {
      "mode": "managed",
      "type": "aws_lambda_function",
      "name": "send_email",
      "provider": "provider[\"registry.terraform.io/hashicorp/aws\"]",
      "instances": [
        {
          "schema_version": 0,
          "attributes": {
            "architectures": [
              "x86_64"
            ],
            "arn": "arn:aws:lambda:ap-northeast-2:131466135658:function:SendEmail",
            "code_signing_config_arn": "",
            "dead_letter_config": [],
            "description": "",
            "environment": [],
            "ephemeral_storage": [
              {
                "size": 512
              }
            ],
            "file_system_config": [],
            "filename": "./lambda/lf_se.zip",
            "function_name": "SendEmail",
            "handler": "index.handler",
            "id": "SendEmail",
            "image_config": [],
            "image_uri": "",
            "invoke_arn": "arn:aws:apigateway:ap-northeast-2:lambda:path/2015-03-31/functions/arn:aws:lambda:ap-northeast-2:131466135658:function:SendEmail/invocations",
            "kms_key_arn": "",
            "last_modified": "2023-06-26T06:28:33.062+0000",
            "layers": [],
            "memory_size": 128,
            "package_type": "Zip",
            "publish": false,
            "qualified_arn": "arn:aws:lambda:ap-northeast-2:131466135658:function:SendEmail:$LATEST",
            "qualified_invoke_arn": "arn:aws:apigateway:ap-northeast-2:lambda:path/2015-03-31/functions/arn:aws:lambda:ap-northeast-2:131466135658:function:SendEmail:$LATEST/invocations",
            "replace_security_groups_on_destroy": null,
            "replacement_security_group_ids": null,
            "reserved_concurrent_executions": -1,
            "role": "arn:aws:iam::131466135658:role/iam_lf_se",
            "runtime": "nodejs18.x",
            "s3_bucket": null,
            "s3_key": null,
            "s3_object_version": null,
            "signing_job_arn": "",
            "signing_profile_version_arn": "",
            "skip_destroy": false,
            "snap_start": [],
            "source_code_hash": "cy0ZnoQB/iN+VlK6tv3dib0xtBsuYIabeSdyymmpe/s=",
            "source_code_size": 10176,
            "tags": {},
            "tags_all": {},
            "timeout": 3,
            "timeouts": null,
            "tracing_config": [
              {
                "mode": "PassThrough"
              }
            ],
            "version": "$LATEST",
            "vpc_config": []
          },
          "sensitive_attributes": [],
          "private": "eyJlMmJmYjczMC1lY2FhLTExZTYtOGY4OC0zNDM2M2JjN2M0YzAiOnsiY3JlYXRlIjo2MDAwMDAwMDAwMDAsImRlbGV0ZSI6NjAwMDAwMDAwMDAwLCJ1cGRhdGUiOjYwMDAwMDAwMDAwMH19",
          "dependencies": [
            "aws_iam_role.iam_lf_se",
            "data.archive_file.lf_se_zip",
            "data.aws_iam_policy_document.assume_role"
          ]
        }
      ]
    },
    {
      "mode": "managed",
      "type": "aws_lambda_function",
      "name": "sqs_to_dynamodb",
      "provider": "provider[\"registry.terraform.io/hashicorp/aws\"]",
      "instances": [
        {
          "schema_version": 0,
          "attributes": {
            "architectures": [
              "x86_64"
            ],
            "arn": "arn:aws:lambda:ap-northeast-2:131466135658:function:SQStoDynamoDB",
            "code_signing_config_arn": "",
            "dead_letter_config": [],
            "description": "",
            "environment": [
              {
                "variables": {
                  "TABLE_NAME": "IntegrateEventDynamoDB"
                }
              }
            ],
            "ephemeral_storage": [
              {
                "size": 512
              }
            ],
            "file_system_config": [],
            "filename": "./lambda/lf_std.zip",
            "function_name": "SQStoDynamoDB",
            "handler": "index.handler",
            "id": "SQStoDynamoDB",
            "image_config": [],
            "image_uri": "",
            "invoke_arn": "arn:aws:apigateway:ap-northeast-2:lambda:path/2015-03-31/functions/arn:aws:lambda:ap-northeast-2:131466135658:function:SQStoDynamoDB/invocations",
            "kms_key_arn": "",
            "last_modified": "2023-06-26T06:28:51.050+0000",
            "layers": [],
            "memory_size": 128,
            "package_type": "Zip",
            "publish": false,
            "qualified_arn": "arn:aws:lambda:ap-northeast-2:131466135658:function:SQStoDynamoDB:$LATEST",
            "qualified_invoke_arn": "arn:aws:apigateway:ap-northeast-2:lambda:path/2015-03-31/functions/arn:aws:lambda:ap-northeast-2:131466135658:function:SQStoDynamoDB:$LATEST/invocations",
            "replace_security_groups_on_destroy": null,
            "replacement_security_group_ids": null,
            "reserved_concurrent_executions": -1,
            "role": "arn:aws:iam::131466135658:role/iam_lf_std",
            "runtime": "nodejs18.x",
            "s3_bucket": null,
            "s3_key": null,
            "s3_object_version": null,
            "signing_job_arn": "",
            "signing_profile_version_arn": "",
            "skip_destroy": false,
            "snap_start": [],
            "source_code_hash": "99ejJl5g/xvXWD8GSj+vmkQljbDKRaOOhEQDU9Ju+J8=",
            "source_code_size": 11406,
            "tags": {},
            "tags_all": {},
            "timeout": 3,
            "timeouts": null,
            "tracing_config": [
              {
                "mode": "PassThrough"
              }
            ],
            "version": "$LATEST",
            "vpc_config": []
          },
          "sensitive_attributes": [],
          "private": "eyJlMmJmYjczMC1lY2FhLTExZTYtOGY4OC0zNDM2M2JjN2M0YzAiOnsiY3JlYXRlIjo2MDAwMDAwMDAwMDAsImRlbGV0ZSI6NjAwMDAwMDAwMDAwLCJ1cGRhdGUiOjYwMDAwMDAwMDAwMH19",
          "dependencies": [
            "aws_dynamodb_table.integrate_event_dynamodb",
            "aws_iam_role.iam_lf_std",
            "data.archive_file.lf_std_zip",
            "data.aws_iam_policy_document.assume_role"
          ]
        }
      ]
    },
    {
      "mode": "managed",
      "type": "aws_lambda_function",
      "name": "sqs_to_enterwait",
      "provider": "provider[\"registry.terraform.io/hashicorp/aws\"]",
      "instances": [
        {
          "schema_version": 0,
          "attributes": {
            "architectures": [
              "x86_64"
            ],
            "arn": "arn:aws:lambda:ap-northeast-2:131466135658:function:SQStoEnterwait",
            "code_signing_config_arn": "",
            "dead_letter_config": [],
            "description": "",
            "environment": [
              {
                "variables": {
                  "ACCEPT_URL": "http://ec2-54-180-102-41.ap-northeast-2.compute.amazonaws.com:3000/request/accept",
                  "REJECT_URL": "http://ec2-54-180-102-41.ap-northeast-2.compute.amazonaws.com:3000/request/reject"
                }
              }
            ],
            "ephemeral_storage": [
              {
                "size": 512
              }
            ],
            "file_system_config": [],
            "filename": "./lambda/lf_ste.zip",
            "function_name": "SQStoEnterwait",
            "handler": "index.handler",
            "id": "SQStoEnterwait",
            "image_config": [],
            "image_uri": "",
            "invoke_arn": "arn:aws:apigateway:ap-northeast-2:lambda:path/2015-03-31/functions/arn:aws:lambda:ap-northeast-2:131466135658:function:SQStoEnterwait/invocations",
            "kms_key_arn": "",
            "last_modified": "2023-06-26T06:28:39.967+0000",
            "layers": [],
            "memory_size": 128,
            "package_type": "Zip",
            "publish": false,
            "qualified_arn": "arn:aws:lambda:ap-northeast-2:131466135658:function:SQStoEnterwait:$LATEST",
            "qualified_invoke_arn": "arn:aws:apigateway:ap-northeast-2:lambda:path/2015-03-31/functions/arn:aws:lambda:ap-northeast-2:131466135658:function:SQStoEnterwait:$LATEST/invocations",
            "replace_security_groups_on_destroy": null,
            "replacement_security_group_ids": null,
            "reserved_concurrent_executions": -1,
            "role": "arn:aws:iam::131466135658:role/iam_lf_ste",
            "runtime": "nodejs18.x",
            "s3_bucket": null,
            "s3_key": null,
            "s3_object_version": null,
            "signing_job_arn": "",
            "signing_profile_version_arn": "",
            "skip_destroy": false,
            "snap_start": [],
            "source_code_hash": "zpGDXX/g+Gc9IOebMeUEqywjM3yQ5RgEq4gzfgDpUUg=",
            "source_code_size": 582659,
            "tags": {},
            "tags_all": {},
            "timeout": 3,
            "timeouts": null,
            "tracing_config": [
              {
                "mode": "PassThrough"
              }
            ],
            "version": "$LATEST",
            "vpc_config": []
          },
          "sensitive_attributes": [],
          "private": "eyJlMmJmYjczMC1lY2FhLTExZTYtOGY4OC0zNDM2M2JjN2M0YzAiOnsiY3JlYXRlIjo2MDAwMDAwMDAwMDAsImRlbGV0ZSI6NjAwMDAwMDAwMDAwLCJ1cGRhdGUiOjYwMDAwMDAwMDAwMH19",
          "dependencies": [
            "aws_iam_role.iam_lf_ste",
            "data.archive_file.lf_ste_zip",
            "data.aws_iam_policy_document.assume_role"
          ]
        }
      ]
    },
    {
      "mode": "managed",
      "type": "aws_lambda_function",
      "name": "sqs_to_nursery",
      "provider": "provider[\"registry.terraform.io/hashicorp/aws\"]",
      "instances": [
        {
          "schema_version": 0,
          "attributes": {
            "architectures": [
              "x86_64"
            ],
            "arn": "arn:aws:lambda:ap-northeast-2:131466135658:function:SQStoNursery",
            "code_signing_config_arn": "",
            "dead_letter_config": [],
            "description": "",
            "environment": [
              {
                "variables": {
                  "CANCEL_URL": "http://ec2-13-209-17-137.ap-northeast-2.compute.amazonaws.com:4000/enterwait/cancel",
                  "REQUEST_URL": "http://ec2-13-209-17-137.ap-northeast-2.compute.amazonaws.com:4000/enterwait/request"
                }
              }
            ],
            "ephemeral_storage": [
              {
                "size": 512
              }
            ],
            "file_system_config": [],
            "filename": "./lambda/lf_stn.zip",
            "function_name": "SQStoNursery",
            "handler": "index.handler",
            "id": "SQStoNursery",
            "image_config": [],
            "image_uri": "",
            "invoke_arn": "arn:aws:apigateway:ap-northeast-2:lambda:path/2015-03-31/functions/arn:aws:lambda:ap-northeast-2:131466135658:function:SQStoNursery/invocations",
            "kms_key_arn": "",
            "last_modified": "2023-06-26T06:28:32.826+0000",
            "layers": [],
            "memory_size": 128,
            "package_type": "Zip",
            "publish": false,
            "qualified_arn": "arn:aws:lambda:ap-northeast-2:131466135658:function:SQStoNursery:$LATEST",
            "qualified_invoke_arn": "arn:aws:apigateway:ap-northeast-2:lambda:path/2015-03-31/functions/arn:aws:lambda:ap-northeast-2:131466135658:function:SQStoNursery:$LATEST/invocations",
            "replace_security_groups_on_destroy": null,
            "replacement_security_group_ids": null,
            "reserved_concurrent_executions": -1,
            "role": "arn:aws:iam::131466135658:role/iam_lf_stn",
            "runtime": "nodejs18.x",
            "s3_bucket": null,
            "s3_key": null,
            "s3_object_version": null,
            "signing_job_arn": "",
            "signing_profile_version_arn": "",
            "skip_destroy": false,
            "snap_start": [],
            "source_code_hash": "0NZA9IjcYYVRrO8ixF5OsGZUtr2o3cKBJa0qIFMsVDQ=",
            "source_code_size": 3370,
            "tags": {},
            "tags_all": {},
            "timeout": 3,
            "timeouts": null,
            "tracing_config": [
              {
                "mode": "PassThrough"
              }
            ],
            "version": "$LATEST",
            "vpc_config": []
          },
          "sensitive_attributes": [],
          "private": "eyJlMmJmYjczMC1lY2FhLTExZTYtOGY4OC0zNDM2M2JjN2M0YzAiOnsiY3JlYXRlIjo2MDAwMDAwMDAwMDAsImRlbGV0ZSI6NjAwMDAwMDAwMDAwLCJ1cGRhdGUiOjYwMDAwMDAwMDAwMH19",
          "dependencies": [
            "aws_iam_role.iam_lf_stn",
            "data.archive_file.lf_stn_zip",
            "data.aws_iam_policy_document.assume_role"
          ]
        }
      ]
    },
    {
      "mode": "managed",
      "type": "aws_lambda_permission",
      "name": "allow_accept",
      "provider": "provider[\"registry.terraform.io/hashicorp/aws\"]",
      "instances": [
        {
          "schema_version": 0,
          "attributes": {
            "action": "lambda:InvokeFunction",
            "event_source_token": null,
            "function_name": "SendEmail",
            "function_url_auth_type": null,
            "id": "terraform-2023062606283293790000000f",
            "principal": "events.amazonaws.com",
            "principal_org_id": null,
            "qualifier": "",
            "source_account": null,
            "source_arn": "arn:aws:events:ap-northeast-2:131466135658:rule/IntegrateEventBus/Accept",
            "statement_id": "terraform-2023062606283293790000000f",
            "statement_id_prefix": "terraform-"
          },
          "sensitive_attributes": [],
          "private": "bnVsbA==",
          "dependencies": [
            "aws_cloudwatch_event_bus.integrate_event_bus",
            "aws_cloudwatch_event_rule.accept",
            "aws_iam_role.iam_lf_se",
            "aws_lambda_function.send_email",
            "data.archive_file.lf_se_zip",
            "data.aws_iam_policy_document.assume_role"
          ]
        }
      ]
    },
    {
      "mode": "managed",
      "type": "aws_lambda_permission",
      "name": "allow_cancel",
      "provider": "provider[\"registry.terraform.io/hashicorp/aws\"]",
      "instances": [
        {
          "schema_version": 0,
          "attributes": {
            "action": "lambda:InvokeFunction",
            "event_source_token": null,
            "function_name": "SendEmail",
            "function_url_auth_type": null,
            "id": "terraform-20230626062832707500000009",
            "principal": "events.amazonaws.com",
            "principal_org_id": null,
            "qualifier": "",
            "source_account": null,
            "source_arn": "arn:aws:events:ap-northeast-2:131466135658:rule/IntegrateEventBus/Cancel",
            "statement_id": "terraform-20230626062832707500000009",
            "statement_id_prefix": "terraform-"
          },
          "sensitive_attributes": [],
          "private": "bnVsbA==",
          "dependencies": [
            "aws_cloudwatch_event_bus.integrate_event_bus",
            "aws_cloudwatch_event_rule.cancel",
            "aws_iam_role.iam_lf_se",
            "aws_lambda_function.send_email",
            "data.archive_file.lf_se_zip",
            "data.aws_iam_policy_document.assume_role"
          ]
        }
      ]
    },
    {
      "mode": "managed",
      "type": "aws_lambda_permission",
      "name": "allow_reject",
      "provider": "provider[\"registry.terraform.io/hashicorp/aws\"]",
      "instances": [
        {
          "schema_version": 0,
          "attributes": {
            "action": "lambda:InvokeFunction",
            "event_source_token": null,
            "function_name": "SendEmail",
            "function_url_auth_type": null,
            "id": "terraform-20230626062832706900000008",
            "principal": "events.amazonaws.com",
            "principal_org_id": null,
            "qualifier": "",
            "source_account": null,
            "source_arn": "arn:aws:events:ap-northeast-2:131466135658:rule/IntegrateEventBus/Reject",
            "statement_id": "terraform-20230626062832706900000008",
            "statement_id_prefix": "terraform-"
          },
          "sensitive_attributes": [],
          "private": "bnVsbA==",
          "dependencies": [
            "aws_cloudwatch_event_bus.integrate_event_bus",
            "aws_cloudwatch_event_rule.reject",
            "aws_iam_role.iam_lf_se",
            "aws_lambda_function.send_email",
            "data.archive_file.lf_se_zip",
            "data.aws_iam_policy_document.assume_role"
          ]
        }
      ]
    },
    {
      "mode": "managed",
      "type": "aws_lambda_permission",
      "name": "allow_request",
      "provider": "provider[\"registry.terraform.io/hashicorp/aws\"]",
      "instances": [
        {
          "schema_version": 0,
          "attributes": {
            "action": "lambda:InvokeFunction",
            "event_source_token": null,
            "function_name": "SendEmail",
            "function_url_auth_type": null,
            "id": "terraform-2023062606283292710000000e",
            "principal": "events.amazonaws.com",
            "principal_org_id": null,
            "qualifier": "",
            "source_account": null,
            "source_arn": "arn:aws:events:ap-northeast-2:131466135658:rule/IntegrateEventBus/Request",
            "statement_id": "terraform-2023062606283292710000000e",
            "statement_id_prefix": "terraform-"
          },
          "sensitive_attributes": [],
          "private": "bnVsbA==",
          "dependencies": [
            "aws_cloudwatch_event_bus.integrate_event_bus",
            "aws_cloudwatch_event_rule.request",
            "aws_iam_role.iam_lf_se",
            "aws_lambda_function.send_email",
            "data.archive_file.lf_se_zip",
            "data.aws_iam_policy_document.assume_role"
          ]
        }
      ]
    },
    {
      "mode": "managed",
      "type": "aws_sqs_queue",
      "name": "event_to_enterwait_queue",
      "provider": "provider[\"registry.terraform.io/hashicorp/aws\"]",
      "instances": [
        {
          "schema_version": 0,
          "attributes": {
            "arn": "arn:aws:sqs:ap-northeast-2:131466135658:EventToEnterwaitQueue",
            "content_based_deduplication": false,
            "deduplication_scope": "",
            "delay_seconds": 0,
            "fifo_queue": false,
            "fifo_throughput_limit": "",
            "id": "https://sqs.ap-northeast-2.amazonaws.com/131466135658/EventToEnterwaitQueue",
            "kms_data_key_reuse_period_seconds": 300,
            "kms_master_key_id": "",
            "max_message_size": 262144,
            "message_retention_seconds": 345600,
            "name": "EventToEnterwaitQueue",
            "name_prefix": "",
            "policy": "{\"Statement\":[{\"Action\":\"sqs:SendMessage\",\"Condition\":{\"ArnEquals\":{\"aws:SourceArn\":[\"arn:aws:events:ap-northeast-2:131466135658:rule/IntegrateEventBus/Accept\",\"arn:aws:events:ap-northeast-2:131466135658:rule/IntegrateEventBus/Reject\"]}},\"Effect\":\"Allow\",\"Principal\":{\"Service\":\"events.amazonaws.com\"},\"Resource\":\"arn:aws:sqs:ap-northeast-2:131466135658:EventToEnterwaitQueue\",\"Sid\":\"ETEQ001\"}],\"Version\":\"2012-10-17\"}",
            "receive_wait_time_seconds": 0,
            "redrive_allow_policy": "",
            "redrive_policy": "",
            "sqs_managed_sse_enabled": true,
            "tags": {},
            "tags_all": {},
            "url": "https://sqs.ap-northeast-2.amazonaws.com/131466135658/EventToEnterwaitQueue",
            "visibility_timeout_seconds": 30
          },
          "sensitive_attributes": [],
          "private": "bnVsbA=="
        }
      ]
    },
    {
      "mode": "managed",
      "type": "aws_sqs_queue",
      "name": "event_to_nursery_queue",
      "provider": "provider[\"registry.terraform.io/hashicorp/aws\"]",
      "instances": [
        {
          "schema_version": 0,
          "attributes": {
            "arn": "arn:aws:sqs:ap-northeast-2:131466135658:EventToNurseryQueue",
            "content_based_deduplication": false,
            "deduplication_scope": "",
            "delay_seconds": 0,
            "fifo_queue": false,
            "fifo_throughput_limit": "",
            "id": "https://sqs.ap-northeast-2.amazonaws.com/131466135658/EventToNurseryQueue",
            "kms_data_key_reuse_period_seconds": 300,
            "kms_master_key_id": "",
            "max_message_size": 262144,
            "message_retention_seconds": 345600,
            "name": "EventToNurseryQueue",
            "name_prefix": "",
            "policy": "{\"Statement\":[{\"Action\":\"sqs:SendMessage\",\"Condition\":{\"ArnEquals\":{\"aws:SourceArn\":[\"arn:aws:events:ap-northeast-2:131466135658:rule/IntegrateEventBus/Request\",\"arn:aws:events:ap-northeast-2:131466135658:rule/IntegrateEventBus/Cancel\"]}},\"Effect\":\"Allow\",\"Principal\":{\"Service\":\"events.amazonaws.com\"},\"Resource\":\"arn:aws:sqs:ap-northeast-2:131466135658:EventToNurseryQueue\",\"Sid\":\"ETNQ001\"}],\"Version\":\"2012-10-17\"}",
            "receive_wait_time_seconds": 0,
            "redrive_allow_policy": "",
            "redrive_policy": "",
            "sqs_managed_sse_enabled": true,
            "tags": {},
            "tags_all": {},
            "url": "https://sqs.ap-northeast-2.amazonaws.com/131466135658/EventToNurseryQueue",
            "visibility_timeout_seconds": 30
          },
          "sensitive_attributes": [],
          "private": "bnVsbA=="
        }
      ]
    },
    {
      "mode": "managed",
      "type": "aws_sqs_queue",
      "name": "integrate_event_queue",
      "provider": "provider[\"registry.terraform.io/hashicorp/aws\"]",
      "instances": [
        {
          "schema_version": 0,
          "attributes": {
            "arn": "arn:aws:sqs:ap-northeast-2:131466135658:IntegrateEventQueue",
            "content_based_deduplication": false,
            "deduplication_scope": "",
            "delay_seconds": 0,
            "fifo_queue": false,
            "fifo_throughput_limit": "",
            "id": "https://sqs.ap-northeast-2.amazonaws.com/131466135658/IntegrateEventQueue",
            "kms_data_key_reuse_period_seconds": 300,
            "kms_master_key_id": "",
            "max_message_size": 262144,
            "message_retention_seconds": 345600,
            "name": "IntegrateEventQueue",
            "name_prefix": "",
            "policy": "{\"Statement\":[{\"Action\":\"sqs:SendMessage\",\"Effect\":\"Allow\",\"Resource\":\"arn:aws:sqs:ap-northeast-2:131466135658:IntegrateEventQueue\",\"Sid\":\"IEQ001\"}],\"Version\":\"2012-10-17\"}",
            "receive_wait_time_seconds": 0,
            "redrive_allow_policy": "",
            "redrive_policy": "",
            "sqs_managed_sse_enabled": true,
            "tags": {},
            "tags_all": {},
            "url": "https://sqs.ap-northeast-2.amazonaws.com/131466135658/IntegrateEventQueue",
            "visibility_timeout_seconds": 30
          },
          "sensitive_attributes": [],
          "private": "bnVsbA=="
        }
      ]
    },
    {
      "mode": "managed",
      "type": "aws_sqs_queue_policy",
      "name": "eteq_policy",
      "provider": "provider[\"registry.terraform.io/hashicorp/aws\"]",
      "instances": [
        {
          "schema_version": 1,
          "attributes": {
            "id": "https://sqs.ap-northeast-2.amazonaws.com/131466135658/EventToEnterwaitQueue",
            "policy": "{\"Statement\":[{\"Action\":\"sqs:SendMessage\",\"Condition\":{\"ArnEquals\":{\"aws:SourceArn\":[\"arn:aws:events:ap-northeast-2:131466135658:rule/IntegrateEventBus/Accept\",\"arn:aws:events:ap-northeast-2:131466135658:rule/IntegrateEventBus/Reject\"]}},\"Effect\":\"Allow\",\"Principal\":{\"Service\":\"events.amazonaws.com\"},\"Resource\":\"arn:aws:sqs:ap-northeast-2:131466135658:EventToEnterwaitQueue\",\"Sid\":\"ETEQ001\"}],\"Version\":\"2012-10-17\"}",
            "queue_url": "https://sqs.ap-northeast-2.amazonaws.com/131466135658/EventToEnterwaitQueue"
          },
          "sensitive_attributes": [],
          "private": "eyJzY2hlbWFfdmVyc2lvbiI6IjEifQ==",
          "dependencies": [
            "aws_cloudwatch_event_bus.integrate_event_bus",
            "aws_cloudwatch_event_rule.accept",
            "aws_cloudwatch_event_rule.reject",
            "aws_sqs_queue.event_to_enterwait_queue",
            "data.aws_iam_policy_document.eteq_policy"
          ]
        }
      ]
    },
    {
      "mode": "managed",
      "type": "aws_sqs_queue_policy",
      "name": "etnq_policy",
      "provider": "provider[\"registry.terraform.io/hashicorp/aws\"]",
      "instances": [
        {
          "schema_version": 1,
          "attributes": {
            "id": "https://sqs.ap-northeast-2.amazonaws.com/131466135658/EventToNurseryQueue",
            "policy": "{\"Statement\":[{\"Action\":\"sqs:SendMessage\",\"Condition\":{\"ArnEquals\":{\"aws:SourceArn\":[\"arn:aws:events:ap-northeast-2:131466135658:rule/IntegrateEventBus/Request\",\"arn:aws:events:ap-northeast-2:131466135658:rule/IntegrateEventBus/Cancel\"]}},\"Effect\":\"Allow\",\"Principal\":{\"Service\":\"events.amazonaws.com\"},\"Resource\":\"arn:aws:sqs:ap-northeast-2:131466135658:EventToNurseryQueue\",\"Sid\":\"ETNQ001\"}],\"Version\":\"2012-10-17\"}",
            "queue_url": "https://sqs.ap-northeast-2.amazonaws.com/131466135658/EventToNurseryQueue"
          },
          "sensitive_attributes": [],
          "private": "eyJzY2hlbWFfdmVyc2lvbiI6IjEifQ==",
          "dependencies": [
            "aws_cloudwatch_event_bus.integrate_event_bus",
            "aws_cloudwatch_event_rule.cancel",
            "aws_cloudwatch_event_rule.request",
            "aws_sqs_queue.event_to_nursery_queue",
            "data.aws_iam_policy_document.etnq_policy"
          ]
        }
      ]
    },
    {
      "mode": "managed",
      "type": "aws_sqs_queue_policy",
      "name": "ieq_policy",
      "provider": "provider[\"registry.terraform.io/hashicorp/aws\"]",
      "instances": [
        {
          "schema_version": 1,
          "attributes": {
            "id": "https://sqs.ap-northeast-2.amazonaws.com/131466135658/IntegrateEventQueue",
            "policy": "{\"Statement\":[{\"Action\":\"sqs:SendMessage\",\"Effect\":\"Allow\",\"Resource\":\"arn:aws:sqs:ap-northeast-2:131466135658:IntegrateEventQueue\",\"Sid\":\"IEQ001\"}],\"Version\":\"2012-10-17\"}",
            "queue_url": "https://sqs.ap-northeast-2.amazonaws.com/131466135658/IntegrateEventQueue"
          },
          "sensitive_attributes": [],
          "private": "eyJzY2hlbWFfdmVyc2lvbiI6IjEifQ==",
          "dependencies": [
            "aws_sqs_queue.integrate_event_queue",
            "data.aws_iam_policy_document.ieq_policy"
          ]
        }
      ]
    }
  ],
  "check_results": null
}
